// !$*UTF8*$!
{
	archiveVersion = 1;
	classes = {
	};
	objectVersion = 90;
	objects = {

/* Begin PBXBuildFile section */
		6E08F52F2BA905B7004E6329 /* NetworkManager.swift in Sources */ = {isa = PBXBuildFile; fileRef = 6E08F52E2BA905B7004E6329 /* NetworkManager.swift */; };
		6E11E2BE2DBB3785002F84C3 /* PrivacyInfo.xcprivacy in Resources */ = {isa = PBXBuildFile; fileRef = 6E11E2BD2DBB3785002F84C3 /* PrivacyInfo.xcprivacy */; };
		6E19D6E22BA2501B00B2AE8C /* IntroAcceptTermsView.swift in Sources */ = {isa = PBXBuildFile; fileRef = 6E19D6E12BA2501B00B2AE8C /* IntroAcceptTermsView.swift */; };
		6E2220B72DB1911200A93F62 /* BackgroundManagerV2.swift in Sources */ = {isa = PBXBuildFile; fileRef = 6E2220B62DB1911200A93F62 /* BackgroundManagerV2.swift */; };
		6E27FC062DB3154600C91FFF /* BluetoothManager.swift in Sources */ = {isa = PBXBuildFile; fileRef = 6E27FC052DB3154600C91FFF /* BluetoothManager.swift */; };
		6E2993B32BC1DF5900CA14AE /* AppAliases.swift in Sources */ = {isa = PBXBuildFile; fileRef = 6E2993B22BC1DF5900CA14AE /* AppAliases.swift */; };
		6E2A22CD2B89649A0030F23E /* IntroStartView.swift in Sources */ = {isa = PBXBuildFile; fileRef = 6E2A22CC2B89649A0030F23E /* IntroStartView.swift */; };
		6E2A22CF2B8964C40030F23E /* IntroLaunchView.swift in Sources */ = {isa = PBXBuildFile; fileRef = 6E2A22CE2B8964C40030F23E /* IntroLaunchView.swift */; };
		6E2A22D12B8967260030F23E /* IntroPageEnum.swift in Sources */ = {isa = PBXBuildFile; fileRef = 6E2A22D02B8967260030F23E /* IntroPageEnum.swift */; };
		6E2A22D32B89680C0030F23E /* IntroCompleteView.swift in Sources */ = {isa = PBXBuildFile; fileRef = 6E2A22D22B89680C0030F23E /* IntroCompleteView.swift */; };
		6E3F449C2D77B2460020229A /* MotionManager.swift in Sources */ = {isa = PBXBuildFile; fileRef = 6E3F449B2D77B2460020229A /* MotionManager.swift */; };
		6E3F449E2D77B2A20020229A /* MotionView.swift in Sources */ = {isa = PBXBuildFile; fileRef = 6E3F449D2D77B2A20020229A /* MotionView.swift */; };
		6E3F44AF2D77BE710020229A /* ActivityView.swift in Sources */ = {isa = PBXBuildFile; fileRef = 6E3F44AE2D77BE710020229A /* ActivityView.swift */; };
		6E48E7E42BA0E8480052B3EB /* PermissionsView.swift in Sources */ = {isa = PBXBuildFile; fileRef = 6E48E7E32BA0E8480052B3EB /* PermissionsView.swift */; };
		6E4E1D062DCFD29A00AFA8E5 /* TravelViewV4.swift in Sources */ = {isa = PBXBuildFile; fileRef = 6E4E1D052DCFD29A00AFA8E5 /* TravelViewV4.swift */; };
		6E54AD982BA7A03500A502DC /* Extensions.swift in Sources */ = {isa = PBXBuildFile; fileRef = 6E54AD972BA7A03500A502DC /* Extensions.swift */; };
		6E54D23A2D91F1CD002C04B8 /* ModelSchemaV01_00_01.swift in Sources */ = {isa = PBXBuildFile; fileRef = 6E54D2392D91F1CD002C04B8 /* ModelSchemaV01_00_01.swift */; };
		6E5928832BA1FFCF00CE0B8F /* AddressClass.swift in Sources */ = {isa = PBXBuildFile; fileRef = 6E5928822BA1FFCF00CE0B8F /* AddressClass.swift */; };
		6E5DDDA22D7BDEB60018F250 /* .gitignore in Resources */ = {isa = PBXBuildFile; fileRef = 6E5DDDA12D7BDEB60018F250 /* .gitignore */; };
		6E63150C2DC3BEC800F92589 /* ArticlesClassV2.swift in Sources */ = {isa = PBXBuildFile; fileRef = 6E63150B2DC3BEC800F92589 /* ArticlesClassV2.swift */; };
		6E680D3A2D7BC89C002F7F43 /* ConeView.swift in Sources */ = {isa = PBXBuildFile; fileRef = 6E680D382D7BC89C002F7F43 /* ConeView.swift */; };
		6E680D3B2D7BC89C002F7F43 /* TravelViewV3.swift in Sources */ = {isa = PBXBuildFile; fileRef = 6E680D392D7BC89C002F7F43 /* TravelViewV3.swift */; };
		6E680D5F2D7BC8C5002F7F43 /* MoreView.swift in Sources */ = {isa = PBXBuildFile; fileRef = 6E680D5E2D7BC8C5002F7F43 /* MoreView.swift */; };
		6E69CC512DC1326200852E76 /* VersionManager.swift in Sources */ = {isa = PBXBuildFile; fileRef = 6E69CC502DC1326200852E76 /* VersionManager.swift */; };
		6E6D9B262B8403B2004325A1 /* AppSettings.swift in Sources */ = {isa = PBXBuildFile; fileRef = 6E6D9B252B8403B2004325A1 /* AppSettings.swift */; };
		6E7274962B804A1700B5547C /* AppEnvironment.swift in Sources */ = {isa = PBXBuildFile; fileRef = 6E7274952B804A1700B5547C /* AppEnvironment.swift */; };
		6E7274982B804A9E00B5547C /* AppDefaults.swift in Sources */ = {isa = PBXBuildFile; fileRef = 6E7274972B804A9E00B5547C /* AppDefaults.swift */; };
		6E88DC182B846C5200BBB4DD /* SwiftUIWebView.swift in Sources */ = {isa = PBXBuildFile; fileRef = 6E88DC172B846C5200BBB4DD /* SwiftUIWebView.swift */; };
		6E88DC1E2B846E3C00BBB4DD /* SystemInfoClass.swift in Sources */ = {isa = PBXBuildFile; fileRef = 6E88DC1D2B846E3C00BBB4DD /* SystemInfoClass.swift */; };
		6E88DC202B846E6E00BBB4DD /* AppInfoClass.swift in Sources */ = {isa = PBXBuildFile; fileRef = 6E88DC1F2B846E6E00BBB4DD /* AppInfoClass.swift */; };
		6E88DC222B846FC400BBB4DD /* WelcomePageView.swift in Sources */ = {isa = PBXBuildFile; fileRef = 6E88DC212B846FC400BBB4DD /* WelcomePageView.swift */; };
		6E88DC242B846FE400BBB4DD /* WelcomeView.swift in Sources */ = {isa = PBXBuildFile; fileRef = 6E88DC232B846FE400BBB4DD /* WelcomeView.swift */; };
		6E88DC262B84703300BBB4DD /* PageControl.swift in Sources */ = {isa = PBXBuildFile; fileRef = 6E88DC252B84703300BBB4DD /* PageControl.swift */; };
		6E88DC2A2B84739F00BBB4DD /* VersionSheetView.swift in Sources */ = {isa = PBXBuildFile; fileRef = 6E88DC292B84739F00BBB4DD /* VersionSheetView.swift */; };
		6E88DC2E2B84753100BBB4DD /* ArticleLocationsEnum.swift in Sources */ = {isa = PBXBuildFile; fileRef = 6E88DC2D2B84753100BBB4DD /* ArticleLocationsEnum.swift */; };
		6E88DC312B84761200BBB4DD /* ViewExtensions.swift in Sources */ = {isa = PBXBuildFile; fileRef = 6E88DC302B84761200BBB4DD /* ViewExtensions.swift */; };
		6E88DC352B8479DA00BBB4DD /* AppStatus.swift in Sources */ = {isa = PBXBuildFile; fileRef = 6E88DC342B8479DA00BBB4DD /* AppStatus.swift */; };
		6E88DC372B847A6100BBB4DD /* OnboardPageEnum.swift in Sources */ = {isa = PBXBuildFile; fileRef = 6E88DC362B847A6100BBB4DD /* OnboardPageEnum.swift */; };
		6E89635C2B7D8BEC003ABB4F /* HomeView.swift in Sources */ = {isa = PBXBuildFile; fileRef = 6E89635B2B7D8BEC003ABB4F /* HomeView.swift */; };
		6E949E972C3CDC8D00E42D6D /* LaunchScreen.storyboard in Resources */ = {isa = PBXBuildFile; fileRef = 6E949E962C3CDC8D00E42D6D /* LaunchScreen.storyboard */; };
		6E94F6F52B7C563C00AFA97F /* GlobulonApp.swift in Sources */ = {isa = PBXBuildFile; fileRef = 6E94F6F42B7C563C00AFA97F /* GlobulonApp.swift */; };
		6E94F6FB2B7C563D00AFA97F /* Assets.xcassets in Resources */ = {isa = PBXBuildFile; fileRef = 6E94F6FA2B7C563D00AFA97F /* Assets.xcassets */; };
		6E94F6FE2B7C563D00AFA97F /* Preview Assets.xcassets in Resources */ = {isa = PBXBuildFile; fileRef = 6E94F6FD2B7C563D00AFA97F /* Preview Assets.xcassets */; };
		6E94F70D2B7C57D200AFA97F /* ModelSchemaV01_00_00.swift in Sources */ = {isa = PBXBuildFile; fileRef = 6E94F70C2B7C57D200AFA97F /* ModelSchemaV01_00_00.swift */; };
		6E94F7192B7C73EA00AFA97F /* MasterView.swift in Sources */ = {isa = PBXBuildFile; fileRef = 6E94F7182B7C73EA00AFA97F /* MasterView.swift */; };
		6E94F71F2B7C759000AFA97F /* MainView.swift in Sources */ = {isa = PBXBuildFile; fileRef = 6E94F71E2B7C759000AFA97F /* MainView.swift */; };
		6E94F7212B7C75BC00AFA97F /* LaunchView.swift in Sources */ = {isa = PBXBuildFile; fileRef = 6E94F7202B7C75BC00AFA97F /* LaunchView.swift */; };
		6E94F72C2B7C92F100AFA97F /* UserSettings.swift in Sources */ = {isa = PBXBuildFile; fileRef = 6E94F72B2B7C92F100AFA97F /* UserSettings.swift */; };
		6E94F72E2B7C93E200AFA97F /* UserModeEnum.swift in Sources */ = {isa = PBXBuildFile; fileRef = 6E94F72D2B7C93E200AFA97F /* UserModeEnum.swift */; };
		6E94F7302B7C941200AFA97F /* LandingPageEnum.swift in Sources */ = {isa = PBXBuildFile; fileRef = 6E94F72F2B7C941200AFA97F /* LandingPageEnum.swift */; };
		6E94F7322B7C944100AFA97F /* DateInfoClass.swift in Sources */ = {isa = PBXBuildFile; fileRef = 6E94F7312B7C944100AFA97F /* DateInfoClass.swift */; };
		6E97DC2E2DA9B7FF00468F43 /* LocationManager.swift in Sources */ = {isa = PBXBuildFile; fileRef = 6E97DC2D2DA9B7FF00468F43 /* LocationManager.swift */; };
		6E983A6E2B8426AC002F2251 /* HTMLStringView.swift in Sources */ = {isa = PBXBuildFile; fileRef = 6E983A6D2B8426AC002F2251 /* HTMLStringView.swift */; };
		6E983A782B842C56002F2251 /* Terms.json in Resources */ = {isa = PBXBuildFile; fileRef = 6E983A772B842C56002F2251 /* Terms.json */; };
		6E9AEEBA2C2D1EA700522E71 /* LocationView.swift in Sources */ = {isa = PBXBuildFile; fileRef = 6E9AEEB92C2D1EA700522E71 /* LocationView.swift */; };
		6E9C448C2BAE8E9E002FABDB /* FirebaseAnalytics in Frameworks */ = {isa = PBXBuildFile; productRef = 6E9C448B2BAE8E9E002FABDB /* FirebaseAnalytics */; };
		6E9C448E2BAE8E9E002FABDB /* FirebaseAnalyticsOnDeviceConversion in Frameworks */ = {isa = PBXBuildFile; productRef = 6E9C448D2BAE8E9E002FABDB /* FirebaseAnalyticsOnDeviceConversion */; };
		6E9C44902BAE8E9E002FABDB /* FirebaseAnalyticsSwift in Frameworks */ = {isa = PBXBuildFile; productRef = 6E9C448F2BAE8E9E002FABDB /* FirebaseAnalyticsSwift */; };
		6E9C44922BAE8E9E002FABDB /* FirebaseAnalyticsWithoutAdIdSupport in Frameworks */ = {isa = PBXBuildFile; productRef = 6E9C44912BAE8E9E002FABDB /* FirebaseAnalyticsWithoutAdIdSupport */; };
		6E9C44942BAE8E9E002FABDB /* FirebaseAppCheck in Frameworks */ = {isa = PBXBuildFile; productRef = 6E9C44932BAE8E9E002FABDB /* FirebaseAppCheck */; };
		6E9C44962BAE8E9E002FABDB /* FirebaseAppDistribution-Beta in Frameworks */ = {isa = PBXBuildFile; productRef = 6E9C44952BAE8E9E002FABDB /* FirebaseAppDistribution-Beta */; };
		6E9C44982BAE8E9E002FABDB /* FirebaseAuth in Frameworks */ = {isa = PBXBuildFile; productRef = 6E9C44972BAE8E9E002FABDB /* FirebaseAuth */; };
		6E9C449A2BAE8E9E002FABDB /* FirebaseAuthCombine-Community in Frameworks */ = {isa = PBXBuildFile; productRef = 6E9C44992BAE8E9E002FABDB /* FirebaseAuthCombine-Community */; };
		6E9C449C2BAE8E9E002FABDB /* FirebaseCrashlytics in Frameworks */ = {isa = PBXBuildFile; productRef = 6E9C449B2BAE8E9E002FABDB /* FirebaseCrashlytics */; };
		6E9C449E2BAE8E9E002FABDB /* FirebaseDatabase in Frameworks */ = {isa = PBXBuildFile; productRef = 6E9C449D2BAE8E9E002FABDB /* FirebaseDatabase */; };
		6E9C44A02BAE8E9E002FABDB /* FirebaseDatabaseSwift in Frameworks */ = {isa = PBXBuildFile; productRef = 6E9C449F2BAE8E9E002FABDB /* FirebaseDatabaseSwift */; };
		6E9C44A22BAE8E9E002FABDB /* FirebaseDynamicLinks in Frameworks */ = {isa = PBXBuildFile; productRef = 6E9C44A12BAE8E9E002FABDB /* FirebaseDynamicLinks */; };
		6E9C44A42BAE8E9E002FABDB /* FirebaseFirestore in Frameworks */ = {isa = PBXBuildFile; productRef = 6E9C44A32BAE8E9E002FABDB /* FirebaseFirestore */; };
		6E9C44A62BAE8E9E002FABDB /* FirebaseFirestoreCombine-Community in Frameworks */ = {isa = PBXBuildFile; productRef = 6E9C44A52BAE8E9E002FABDB /* FirebaseFirestoreCombine-Community */; };
		6E9C44A82BAE8E9E002FABDB /* FirebaseFirestoreSwift in Frameworks */ = {isa = PBXBuildFile; productRef = 6E9C44A72BAE8E9E002FABDB /* FirebaseFirestoreSwift */; };
		6E9C44AA2BAE8E9E002FABDB /* FirebaseFunctions in Frameworks */ = {isa = PBXBuildFile; productRef = 6E9C44A92BAE8E9E002FABDB /* FirebaseFunctions */; };
		6E9C44AC2BAE8E9E002FABDB /* FirebaseFunctionsCombine-Community in Frameworks */ = {isa = PBXBuildFile; productRef = 6E9C44AB2BAE8E9E002FABDB /* FirebaseFunctionsCombine-Community */; };
		6E9C44AE2BAE8E9E002FABDB /* FirebaseInAppMessaging-Beta in Frameworks */ = {isa = PBXBuildFile; productRef = 6E9C44AD2BAE8E9E002FABDB /* FirebaseInAppMessaging-Beta */; };
		6E9C44B02BAE8E9E002FABDB /* FirebaseInAppMessagingSwift-Beta in Frameworks */ = {isa = PBXBuildFile; productRef = 6E9C44AF2BAE8E9E002FABDB /* FirebaseInAppMessagingSwift-Beta */; };
		6E9C44B22BAE8E9E002FABDB /* FirebaseInstallations in Frameworks */ = {isa = PBXBuildFile; productRef = 6E9C44B12BAE8E9E002FABDB /* FirebaseInstallations */; };
		6E9C44B42BAE8E9E002FABDB /* FirebaseMLModelDownloader in Frameworks */ = {isa = PBXBuildFile; productRef = 6E9C44B32BAE8E9E002FABDB /* FirebaseMLModelDownloader */; };
		6E9C44B62BAE8E9E002FABDB /* FirebaseMessaging in Frameworks */ = {isa = PBXBuildFile; productRef = 6E9C44B52BAE8E9E002FABDB /* FirebaseMessaging */; };
		6E9C44B82BAE8E9E002FABDB /* FirebasePerformance in Frameworks */ = {isa = PBXBuildFile; productRef = 6E9C44B72BAE8E9E002FABDB /* FirebasePerformance */; };
		6E9C44BA2BAE8E9E002FABDB /* FirebaseRemoteConfig in Frameworks */ = {isa = PBXBuildFile; productRef = 6E9C44B92BAE8E9E002FABDB /* FirebaseRemoteConfig */; };
		6E9C44BC2BAE8E9E002FABDB /* FirebaseRemoteConfigSwift in Frameworks */ = {isa = PBXBuildFile; productRef = 6E9C44BB2BAE8E9E002FABDB /* FirebaseRemoteConfigSwift */; };
		6E9C44BE2BAE8E9E002FABDB /* FirebaseStorage in Frameworks */ = {isa = PBXBuildFile; productRef = 6E9C44BD2BAE8E9E002FABDB /* FirebaseStorage */; };
		6E9C44C02BAE8E9E002FABDB /* FirebaseStorageCombine-Community in Frameworks */ = {isa = PBXBuildFile; productRef = 6E9C44BF2BAE8E9E002FABDB /* FirebaseStorageCombine-Community */; };
		6EA242462B86E07800C02D88 /* UserStatus.swift in Sources */ = {isa = PBXBuildFile; fileRef = 6EA242452B86E07800C02D88 /* UserStatus.swift */; };
		6EA2424D2B86E42000C02D88 /* ForgotPasswordView.swift in Sources */ = {isa = PBXBuildFile; fileRef = 6EA2424C2B86E42000C02D88 /* ForgotPasswordView.swift */; };
		6EAA35912BAE5E6800CA3C30 /* DataStructures.swift in Sources */ = {isa = PBXBuildFile; fileRef = 6EAA35902BAE5E6800CA3C30 /* DataStructures.swift */; };
		6EABA1EF2DA71B0E00A76A6B /* isImageEmpty.swift in Sources */ = {isa = PBXBuildFile; fileRef = 6EABA1E42DA71B0E00A76A6B /* isImageEmpty.swift */; };
		6EABA1F02DA71B0E00A76A6B /* isURLReachable.swift in Sources */ = {isa = PBXBuildFile; fileRef = 6EABA1E52DA71B0E00A76A6B /* isURLReachable.swift */; };
		6EABA1F12DA71B0E00A76A6B /* isValidEmail.swift in Sources */ = {isa = PBXBuildFile; fileRef = 6EABA1E62DA71B0E00A76A6B /* isValidEmail.swift */; };
		6EABA1F22DA71B0E00A76A6B /* isValidPhoneNumber.swift in Sources */ = {isa = PBXBuildFile; fileRef = 6EABA1E72DA71B0E00A76A6B /* isValidPhoneNumber.swift */; };
		6EABA1F32DA71B0E00A76A6B /* maskEmail.swift in Sources */ = {isa = PBXBuildFile; fileRef = 6EABA1E82DA71B0E00A76A6B /* maskEmail.swift */; };
		6EABA1F42DA71B0E00A76A6B /* maskPassword.swift in Sources */ = {isa = PBXBuildFile; fileRef = 6EABA1E92DA71B0E00A76A6B /* maskPassword.swift */; };
		6EABA1F52DA71B0E00A76A6B /* maskString.swift in Sources */ = {isa = PBXBuildFile; fileRef = 6EABA1EA2DA71B0E00A76A6B /* maskString.swift */; };
		6EABA1F62DA71B0E00A76A6B /* maskUsername.swift in Sources */ = {isa = PBXBuildFile; fileRef = 6EABA1EB2DA71B0E00A76A6B /* maskUsername.swift */; };
		6EABA1F72DA71B0E00A76A6B /* passwordStrengthCheck.swift in Sources */ = {isa = PBXBuildFile; fileRef = 6EABA1EC2DA71B0E00A76A6B /* passwordStrengthCheck.swift */; };
		6EABA1F82DA71B0E00A76A6B /* printUserSettings.swift in Sources */ = {isa = PBXBuildFile; fileRef = 6EABA1ED2DA71B0E00A76A6B /* printUserSettings.swift */; };
		6EABA1F92DA71B0E00A76A6B /* purgeGPSData.swift in Sources */ = {isa = PBXBuildFile; fileRef = 6EABA1EE2DA71B0E00A76A6B /* purgeGPSData.swift */; };
		6EABA1FA2DA71B0E00A76A6B /* articlesLocation.swift in Sources */ = {isa = PBXBuildFile; fileRef = 6EABA1DE2DA71B0E00A76A6B /* articlesLocation.swift */; };
		6EABA1FB2DA71B0E00A76A6B /* Conversions.swift in Sources */ = {isa = PBXBuildFile; fileRef = 6EABA1DF2DA71B0E00A76A6B /* Conversions.swift */; };
		6EABA1FC2DA71B0E00A76A6B /* countGPSDataAll.swift in Sources */ = {isa = PBXBuildFile; fileRef = 6EABA1E02DA71B0E00A76A6B /* countGPSDataAll.swift */; };
		6EABA1FD2DA71B0E00A76A6B /* FormatDates.swift in Sources */ = {isa = PBXBuildFile; fileRef = 6EABA1E12DA71B0E00A76A6B /* FormatDates.swift */; };
		6EABA1FE2DA71B0E00A76A6B /* FormatPhoneNumbers.swift in Sources */ = {isa = PBXBuildFile; fileRef = 6EABA1E22DA71B0E00A76A6B /* FormatPhoneNumbers.swift */; };
		6EABA1FF2DA71B0E00A76A6B /* FormatSpeed.swift in Sources */ = {isa = PBXBuildFile; fileRef = 6EABA1E32DA71B0E00A76A6B /* FormatSpeed.swift */; };
		6EB56CEF2B85303E00C106F0 /* UserProfileView.swift in Sources */ = {isa = PBXBuildFile; fileRef = 6EB56CEE2B85303E00C106F0 /* UserProfileView.swift */; };
		6EB56CF12B85306C00C106F0 /* AvatarPickerView.swift in Sources */ = {isa = PBXBuildFile; fileRef = 6EB56CF02B85306C00C106F0 /* AvatarPickerView.swift */; };
		6EB56CF42B8530C600C106F0 /* ImageNavCancel.swift in Sources */ = {isa = PBXBuildFile; fileRef = 6EB56CF32B8530C600C106F0 /* ImageNavCancel.swift */; };
		6EB56CF62B85310900C106F0 /* TextNavCancel.swift in Sources */ = {isa = PBXBuildFile; fileRef = 6EB56CF52B85310900C106F0 /* TextNavCancel.swift */; };
		6EB56CF82B8531A800C106F0 /* ButtonModifiers.swift in Sources */ = {isa = PBXBuildFile; fileRef = 6EB56CF72B8531A800C106F0 /* ButtonModifiers.swift */; };
		6EB56CFA2B8531DF00C106F0 /* ZoomScrollView.swift in Sources */ = {isa = PBXBuildFile; fileRef = 6EB56CF92B8531DF00C106F0 /* ZoomScrollView.swift */; };
		6EB56CFC2B85322800C106F0 /* ImagePicker.swift in Sources */ = {isa = PBXBuildFile; fileRef = 6EB56CFB2B85322800C106F0 /* ImagePicker.swift */; };
		6EB56D002B8532BB00C106F0 /* UserAccountView.swift in Sources */ = {isa = PBXBuildFile; fileRef = 6EB56CFF2B8532BB00C106F0 /* UserAccountView.swift */; };
		6EB56D022B85331000C106F0 /* TextFieldEx.swift in Sources */ = {isa = PBXBuildFile; fileRef = 6EB56D012B85331000C106F0 /* TextFieldEx.swift */; };
		6EB56D0A2B8556E400C106F0 /* DeveloperSettingsView.swift in Sources */ = {isa = PBXBuildFile; fileRef = 6EB56D092B8556E400C106F0 /* DeveloperSettingsView.swift */; };
		6EB56D0C2B85574B00C106F0 /* SystemInfoView.swift in Sources */ = {isa = PBXBuildFile; fileRef = 6EB56D0B2B85574B00C106F0 /* SystemInfoView.swift */; };
		6EB56D0E2B85577900C106F0 /* SettingsInfoView.swift in Sources */ = {isa = PBXBuildFile; fileRef = 6EB56D0D2B85577900C106F0 /* SettingsInfoView.swift */; };
		6EB56D102B85588F00C106F0 /* UserSettingsView.swift in Sources */ = {isa = PBXBuildFile; fileRef = 6EB56D0F2B85588F00C106F0 /* UserSettingsView.swift */; };
		6EB56D122B8558A800C106F0 /* UserSupportView.swift in Sources */ = {isa = PBXBuildFile; fileRef = 6EB56D112B8558A800C106F0 /* UserSupportView.swift */; };
		6EB56D142B8558C700C106F0 /* UserSecurityView.swift in Sources */ = {isa = PBXBuildFile; fileRef = 6EB56D132B8558C700C106F0 /* UserSecurityView.swift */; };
		6EB56D162B8559AA00C106F0 /* BiometricsClass.swift in Sources */ = {isa = PBXBuildFile; fileRef = 6EB56D152B8559AA00C106F0 /* BiometricsClass.swift */; };
		6EB56D182B855A6B00C106F0 /* MailView.swift in Sources */ = {isa = PBXBuildFile; fileRef = 6EB56D172B855A6B00C106F0 /* MailView.swift */; };
		6EB56D1C2B855B5800C106F0 /* Articles.json in Resources */ = {isa = PBXBuildFile; fileRef = 6EB56D1B2B855B5800C106F0 /* Articles.json */; };
		6EB56D1E2B855B7700C106F0 /* NoArticles.json in Resources */ = {isa = PBXBuildFile; fileRef = 6EB56D1D2B855B7700C106F0 /* NoArticles.json */; };
		6EB56D202B855BA800C106F0 /* ArticlesClassV1.swift in Sources */ = {isa = PBXBuildFile; fileRef = 6EB56D1F2B855BA800C106F0 /* ArticlesClassV1.swift */; };
		6EB56D252B855CD400C106F0 /* ArticleView.swift in Sources */ = {isa = PBXBuildFile; fileRef = 6EB56D242B855CD400C106F0 /* ArticleView.swift */; };
		6EB56D272B855CFD00C106F0 /* ArticlesSearchView.swift in Sources */ = {isa = PBXBuildFile; fileRef = 6EB56D262B855CFD00C106F0 /* ArticlesSearchView.swift */; };
		6EB56D2B2B855EA400C106F0 /* AuthenticationClass.swift in Sources */ = {isa = PBXBuildFile; fileRef = 6EB56D2A2B855EA400C106F0 /* AuthenticationClass.swift */; };
		6EB56D2D2B855F5700C106F0 /* AppDelegate.swift in Sources */ = {isa = PBXBuildFile; fileRef = 6EB56D2C2B855F5700C106F0 /* AppDelegate.swift */; };
		6EB56D682B8568D400C106F0 /* OnboardLaunchView.swift in Sources */ = {isa = PBXBuildFile; fileRef = 6EB56D672B8568D400C106F0 /* OnboardLaunchView.swift */; };
		6EB56D6A2B8568E200C106F0 /* OnboardStartView.swift in Sources */ = {isa = PBXBuildFile; fileRef = 6EB56D692B8568E200C106F0 /* OnboardStartView.swift */; };
		6EB56D6E2B85695500C106F0 /* OnboardAccountView.swift in Sources */ = {isa = PBXBuildFile; fileRef = 6EB56D6D2B85695500C106F0 /* OnboardAccountView.swift */; };
		6EB56D702B85697B00C106F0 /* OnboardEmailView.swift in Sources */ = {isa = PBXBuildFile; fileRef = 6EB56D6F2B85697B00C106F0 /* OnboardEmailView.swift */; };
		6EB56D722B85699500C106F0 /* OnboardPasswordView.swift in Sources */ = {isa = PBXBuildFile; fileRef = 6EB56D712B85699500C106F0 /* OnboardPasswordView.swift */; };
		6EB56D742B8569C900C106F0 /* OnboardCompleteView.swift in Sources */ = {isa = PBXBuildFile; fileRef = 6EB56D732B8569C900C106F0 /* OnboardCompleteView.swift */; };
		6EB56D762B856A4100C106F0 /* Buttons.swift in Sources */ = {isa = PBXBuildFile; fileRef = 6EB56D752B856A4100C106F0 /* Buttons.swift */; };
		6EC603C52C6AE745001BB460 /* ActivityManager.swift in Sources */ = {isa = PBXBuildFile; fileRef = 6EC603C42C6AE745001BB460 /* ActivityManager.swift */; };
		6EC99BA12DD7973000439EBA /* LogManager.swift in Sources */ = {isa = PBXBuildFile; fileRef = 6EC99BA02DD7973000439EBA /* LogManager.swift */; };
		6ECEC4052C27740200232E80 /* GoogleService-Info.plist in Resources */ = {isa = PBXBuildFile; fileRef = 6ECEC4042C27740200232E80 /* GoogleService-Info.plist */; };
		6ECF91872D6E46B6007B8F1F /* README.md in Resources */ = {isa = PBXBuildFile; fileRef = 6ECF91862D6E46B6007B8F1F /* README.md */; };
		6ECF91892D6E46F3007B8F1F /* DEV_NOTES.md in Resources */ = {isa = PBXBuildFile; fileRef = 6ECF91882D6E46F3007B8F1F /* DEV_NOTES.md */; };
		6ECF926D2D6E505D007B8F1F /* AuthModeEnum.swift in Sources */ = {isa = PBXBuildFile; fileRef = 6ECF926C2D6E505D007B8F1F /* AuthModeEnum.swift */; };
		6ECF92712D6E5417007B8F1F /* ModelContainerProvider.swift in Sources */ = {isa = PBXBuildFile; fileRef = 6ECF92702D6E5417007B8F1F /* ModelContainerProvider.swift */; };
		6ECF92752D6E6418007B8F1F /* BackgroundManagerV1.swift in Sources */ = {isa = PBXBuildFile; fileRef = 6ECF92742D6E6418007B8F1F /* BackgroundManagerV1.swift */; };
		6ECF927D2D6E66E6007B8F1F /* AnalyticsConsentDetails.html in Resources */ = {isa = PBXBuildFile; fileRef = 6ECF927C2D6E66E6007B8F1F /* AnalyticsConsentDetails.html */; };
		6ECF92832D6E68F2007B8F1F /* AnimatedSideBar.swift in Sources */ = {isa = PBXBuildFile; fileRef = 6ECF92822D6E68F2007B8F1F /* AnimatedSideBar.swift */; };
		6ECF92852D6E69A4007B8F1F /* AsyncProcessor.swift in Sources */ = {isa = PBXBuildFile; fileRef = 6ECF92842D6E69A4007B8F1F /* AsyncProcessor.swift */; };
		6ECF92872D6E6A03007B8F1F /* CarPlayManager.swift in Sources */ = {isa = PBXBuildFile; fileRef = 6ECF92862D6E6A03007B8F1F /* CarPlayManager.swift */; };
		6ECF92892D6E6A30007B8F1F /* SceneDelegateClass.swift in Sources */ = {isa = PBXBuildFile; fileRef = 6ECF92882D6E6A30007B8F1F /* SceneDelegateClass.swift */; };
		6ECF928B2D6E6A87007B8F1F /* GDPRConsentView.swift in Sources */ = {isa = PBXBuildFile; fileRef = 6ECF928A2D6E6A87007B8F1F /* GDPRConsentView.swift */; };
		6ECF92972D6E9A73007B8F1F /* WebPageView.swift in Sources */ = {isa = PBXBuildFile; fileRef = 6ECF92962D6E9A73007B8F1F /* WebPageView.swift */; };
		6ECF92992D6E9BBA007B8F1F /* BluetoothView.swift in Sources */ = {isa = PBXBuildFile; fileRef = 6ECF92982D6E9BBA007B8F1F /* BluetoothView.swift */; };
		6ECF929F2D6E9C4F007B8F1F /* OtherView.swift in Sources */ = {isa = PBXBuildFile; fileRef = 6ECF929E2D6E9C4F007B8F1F /* OtherView.swift */; };
		6ECF92A32D6E9CBD007B8F1F /* NotificationManager.swift in Sources */ = {isa = PBXBuildFile; fileRef = 6ECF92A22D6E9CBD007B8F1F /* NotificationManager.swift */; };
		6ECF92AB2D6EA018007B8F1F /* TourFileLocationEnum.swift in Sources */ = {isa = PBXBuildFile; fileRef = 6ECF92AA2D6EA018007B8F1F /* TourFileLocationEnum.swift */; };
		6ECF92DD2D6EA68B007B8F1F /* GitHubManager.swift in Sources */ = {isa = PBXBuildFile; fileRef = 6ECF92DC2D6EA68B007B8F1F /* GitHubManager.swift */; };
		6ECF92DF2D6EA72E007B8F1F /* SystemStatusView.swift in Sources */ = {isa = PBXBuildFile; fileRef = 6ECF92DE2D6EA72E007B8F1F /* SystemStatusView.swift */; };
		6ECF92E12D6EAB73007B8F1F /* NotificationExtensions.swift in Sources */ = {isa = PBXBuildFile; fileRef = 6ECF92E02D6EAB73007B8F1F /* NotificationExtensions.swift */; };
		6ECF92E32D6EABF6007B8F1F /* LoginViewV2.swift in Sources */ = {isa = PBXBuildFile; fileRef = 6ECF92E22D6EABF6007B8F1F /* LoginViewV2.swift */; };
		6ECF92E52D6EAC98007B8F1F /* AuthSourceEnum.swift in Sources */ = {isa = PBXBuildFile; fileRef = 6ECF92E42D6EAC98007B8F1F /* AuthSourceEnum.swift */; };
		6ECF92E72D6EACD8007B8F1F /* BiometricTypeEnum.swift in Sources */ = {isa = PBXBuildFile; fileRef = 6ECF92E62D6EACD8007B8F1F /* BiometricTypeEnum.swift */; };
		6ED500B32DC2924C001DA849 /* StartupSequenceView.swift in Sources */ = {isa = PBXBuildFile; fileRef = 6ED500B22DC2924C001DA849 /* StartupSequenceView.swift */; };
/* End PBXBuildFile section */

/* Begin PBXFileReference section */
		6E08F52E2BA905B7004E6329 /* NetworkManager.swift */ = {isa = PBXFileReference; lastKnownFileType = sourcecode.swift; path = NetworkManager.swift; sourceTree = "<group>"; };
		6E11E2BD2DBB3785002F84C3 /* PrivacyInfo.xcprivacy */ = {isa = PBXFileReference; lastKnownFileType = text.xml; path = PrivacyInfo.xcprivacy; sourceTree = "<group>"; };
		6E19D6E12BA2501B00B2AE8C /* IntroAcceptTermsView.swift */ = {isa = PBXFileReference; lastKnownFileType = sourcecode.swift; path = IntroAcceptTermsView.swift; sourceTree = "<group>"; };
		6E2220B62DB1911200A93F62 /* BackgroundManagerV2.swift */ = {isa = PBXFileReference; lastKnownFileType = sourcecode.swift; path = BackgroundManagerV2.swift; sourceTree = "<group>"; };
		6E27FC052DB3154600C91FFF /* BluetoothManager.swift */ = {isa = PBXFileReference; lastKnownFileType = sourcecode.swift; path = BluetoothManager.swift; sourceTree = "<group>"; };
		6E2993B22BC1DF5900CA14AE /* AppAliases.swift */ = {isa = PBXFileReference; lastKnownFileType = sourcecode.swift; path = AppAliases.swift; sourceTree = "<group>"; };
		6E2A22CC2B89649A0030F23E /* IntroStartView.swift */ = {isa = PBXFileReference; lastKnownFileType = sourcecode.swift; path = IntroStartView.swift; sourceTree = "<group>"; };
		6E2A22CE2B8964C40030F23E /* IntroLaunchView.swift */ = {isa = PBXFileReference; lastKnownFileType = sourcecode.swift; path = IntroLaunchView.swift; sourceTree = "<group>"; };
		6E2A22D02B8967260030F23E /* IntroPageEnum.swift */ = {isa = PBXFileReference; lastKnownFileType = sourcecode.swift; path = IntroPageEnum.swift; sourceTree = "<group>"; };
		6E2A22D22B89680C0030F23E /* IntroCompleteView.swift */ = {isa = PBXFileReference; lastKnownFileType = sourcecode.swift; path = IntroCompleteView.swift; sourceTree = "<group>"; };
		6E3F449B2D77B2460020229A /* MotionManager.swift */ = {isa = PBXFileReference; lastKnownFileType = sourcecode.swift; path = MotionManager.swift; sourceTree = "<group>"; };
		6E3F449D2D77B2A20020229A /* MotionView.swift */ = {isa = PBXFileReference; lastKnownFileType = sourcecode.swift; path = MotionView.swift; sourceTree = "<group>"; };
		6E3F44AE2D77BE710020229A /* ActivityView.swift */ = {isa = PBXFileReference; lastKnownFileType = sourcecode.swift; path = ActivityView.swift; sourceTree = "<group>"; };
		6E48E7E32BA0E8480052B3EB /* PermissionsView.swift */ = {isa = PBXFileReference; lastKnownFileType = sourcecode.swift; path = PermissionsView.swift; sourceTree = "<group>"; };
		6E4E1D052DCFD29A00AFA8E5 /* TravelViewV4.swift */ = {isa = PBXFileReference; lastKnownFileType = sourcecode.swift; path = TravelViewV4.swift; sourceTree = "<group>"; };
		6E54AD972BA7A03500A502DC /* Extensions.swift */ = {isa = PBXFileReference; lastKnownFileType = sourcecode.swift; path = Extensions.swift; sourceTree = "<group>"; };
		6E54D2392D91F1CD002C04B8 /* ModelSchemaV01_00_01.swift */ = {isa = PBXFileReference; fileEncoding = 4; lastKnownFileType = sourcecode.swift; path = ModelSchemaV01_00_01.swift; sourceTree = "<group>"; };
		6E5928822BA1FFCF00CE0B8F /* AddressClass.swift */ = {isa = PBXFileReference; lastKnownFileType = sourcecode.swift; path = AddressClass.swift; sourceTree = "<group>"; };
		6E5DDDA12D7BDEB60018F250 /* .gitignore */ = {isa = PBXFileReference; lastKnownFileType = text; path = .gitignore; sourceTree = "<group>"; };
		6E63150B2DC3BEC800F92589 /* ArticlesClassV2.swift */ = {isa = PBXFileReference; lastKnownFileType = sourcecode.swift; path = ArticlesClassV2.swift; sourceTree = "<group>"; };
		6E680D382D7BC89C002F7F43 /* ConeView.swift */ = {isa = PBXFileReference; lastKnownFileType = sourcecode.swift; path = ConeView.swift; sourceTree = "<group>"; };
		6E680D392D7BC89C002F7F43 /* TravelViewV3.swift */ = {isa = PBXFileReference; lastKnownFileType = sourcecode.swift; path = TravelViewV3.swift; sourceTree = "<group>"; };
		6E680D5E2D7BC8C5002F7F43 /* MoreView.swift */ = {isa = PBXFileReference; lastKnownFileType = sourcecode.swift; path = MoreView.swift; sourceTree = "<group>"; };
		6E69CC502DC1326200852E76 /* VersionManager.swift */ = {isa = PBXFileReference; lastKnownFileType = sourcecode.swift; path = VersionManager.swift; sourceTree = "<group>"; };
		6E6D9B252B8403B2004325A1 /* AppSettings.swift */ = {isa = PBXFileReference; lastKnownFileType = sourcecode.swift; path = AppSettings.swift; sourceTree = "<group>"; };
		6E7274952B804A1700B5547C /* AppEnvironment.swift */ = {isa = PBXFileReference; lastKnownFileType = sourcecode.swift; path = AppEnvironment.swift; sourceTree = "<group>"; };
		6E7274972B804A9E00B5547C /* AppDefaults.swift */ = {isa = PBXFileReference; lastKnownFileType = sourcecode.swift; path = AppDefaults.swift; sourceTree = "<group>"; };
		6E88DC172B846C5200BBB4DD /* SwiftUIWebView.swift */ = {isa = PBXFileReference; lastKnownFileType = sourcecode.swift; path = SwiftUIWebView.swift; sourceTree = "<group>"; };
		6E88DC1D2B846E3C00BBB4DD /* SystemInfoClass.swift */ = {isa = PBXFileReference; lastKnownFileType = sourcecode.swift; path = SystemInfoClass.swift; sourceTree = "<group>"; };
		6E88DC1F2B846E6E00BBB4DD /* AppInfoClass.swift */ = {isa = PBXFileReference; lastKnownFileType = sourcecode.swift; path = AppInfoClass.swift; sourceTree = "<group>"; };
		6E88DC212B846FC400BBB4DD /* WelcomePageView.swift */ = {isa = PBXFileReference; lastKnownFileType = sourcecode.swift; path = WelcomePageView.swift; sourceTree = "<group>"; };
		6E88DC232B846FE400BBB4DD /* WelcomeView.swift */ = {isa = PBXFileReference; lastKnownFileType = sourcecode.swift; path = WelcomeView.swift; sourceTree = "<group>"; };
		6E88DC252B84703300BBB4DD /* PageControl.swift */ = {isa = PBXFileReference; lastKnownFileType = sourcecode.swift; path = PageControl.swift; sourceTree = "<group>"; };
		6E88DC292B84739F00BBB4DD /* VersionSheetView.swift */ = {isa = PBXFileReference; lastKnownFileType = sourcecode.swift; path = VersionSheetView.swift; sourceTree = "<group>"; };
		6E88DC2D2B84753100BBB4DD /* ArticleLocationsEnum.swift */ = {isa = PBXFileReference; lastKnownFileType = sourcecode.swift; path = ArticleLocationsEnum.swift; sourceTree = "<group>"; };
		6E88DC302B84761200BBB4DD /* ViewExtensions.swift */ = {isa = PBXFileReference; lastKnownFileType = sourcecode.swift; path = ViewExtensions.swift; sourceTree = "<group>"; };
		6E88DC342B8479DA00BBB4DD /* AppStatus.swift */ = {isa = PBXFileReference; lastKnownFileType = sourcecode.swift; path = AppStatus.swift; sourceTree = "<group>"; };
		6E88DC362B847A6100BBB4DD /* OnboardPageEnum.swift */ = {isa = PBXFileReference; lastKnownFileType = sourcecode.swift; path = OnboardPageEnum.swift; sourceTree = "<group>"; };
		6E89635B2B7D8BEC003ABB4F /* HomeView.swift */ = {isa = PBXFileReference; lastKnownFileType = sourcecode.swift; path = HomeView.swift; sourceTree = "<group>"; };
		6E949E962C3CDC8D00E42D6D /* LaunchScreen.storyboard */ = {isa = PBXFileReference; lastKnownFileType = file.storyboard; path = LaunchScreen.storyboard; sourceTree = "<group>"; };
		6E94F6F12B7C563C00AFA97F /* Globulon.app */ = {isa = PBXFileReference; explicitFileType = wrapper.application; includeInIndex = 0; path = Globulon.app; sourceTree = BUILT_PRODUCTS_DIR; };
		6E94F6F42B7C563C00AFA97F /* GlobulonApp.swift */ = {isa = PBXFileReference; lastKnownFileType = sourcecode.swift; path = GlobulonApp.swift; sourceTree = "<group>"; };
		6E94F6FA2B7C563D00AFA97F /* Assets.xcassets */ = {isa = PBXFileReference; lastKnownFileType = folder.assetcatalog; path = Assets.xcassets; sourceTree = "<group>"; };
		6E94F6FD2B7C563D00AFA97F /* Preview Assets.xcassets */ = {isa = PBXFileReference; lastKnownFileType = folder.assetcatalog; path = "Preview Assets.xcassets"; sourceTree = "<group>"; };
		6E94F70C2B7C57D200AFA97F /* ModelSchemaV01_00_00.swift */ = {isa = PBXFileReference; lastKnownFileType = sourcecode.swift; path = ModelSchemaV01_00_00.swift; sourceTree = "<group>"; };
		6E94F7182B7C73EA00AFA97F /* MasterView.swift */ = {isa = PBXFileReference; lastKnownFileType = sourcecode.swift; path = MasterView.swift; sourceTree = "<group>"; };
		6E94F71E2B7C759000AFA97F /* MainView.swift */ = {isa = PBXFileReference; lastKnownFileType = sourcecode.swift; path = MainView.swift; sourceTree = "<group>"; };
		6E94F7202B7C75BC00AFA97F /* LaunchView.swift */ = {isa = PBXFileReference; lastKnownFileType = sourcecode.swift; path = LaunchView.swift; sourceTree = "<group>"; };
		6E94F7222B7C787300AFA97F /* Info.plist */ = {isa = PBXFileReference; lastKnownFileType = text.plist; path = Info.plist; sourceTree = "<group>"; };
		6E94F72B2B7C92F100AFA97F /* UserSettings.swift */ = {isa = PBXFileReference; lastKnownFileType = sourcecode.swift; path = UserSettings.swift; sourceTree = "<group>"; };
		6E94F72D2B7C93E200AFA97F /* UserModeEnum.swift */ = {isa = PBXFileReference; lastKnownFileType = sourcecode.swift; path = UserModeEnum.swift; sourceTree = "<group>"; };
		6E94F72F2B7C941200AFA97F /* LandingPageEnum.swift */ = {isa = PBXFileReference; lastKnownFileType = sourcecode.swift; path = LandingPageEnum.swift; sourceTree = "<group>"; };
		6E94F7312B7C944100AFA97F /* DateInfoClass.swift */ = {isa = PBXFileReference; lastKnownFileType = sourcecode.swift; path = DateInfoClass.swift; sourceTree = "<group>"; };
		6E97DC2D2DA9B7FF00468F43 /* LocationManager.swift */ = {isa = PBXFileReference; lastKnownFileType = sourcecode.swift; path = LocationManager.swift; sourceTree = "<group>"; };
		6E983A6D2B8426AC002F2251 /* HTMLStringView.swift */ = {isa = PBXFileReference; lastKnownFileType = sourcecode.swift; path = HTMLStringView.swift; sourceTree = "<group>"; };
		6E983A772B842C56002F2251 /* Terms.json */ = {isa = PBXFileReference; lastKnownFileType = text.json; path = Terms.json; sourceTree = "<group>"; };
		6E9A19D42BAFE67F000E5128 /* Globulon.entitlements */ = {isa = PBXFileReference; lastKnownFileType = text.plist.entitlements; path = Globulon.entitlements; sourceTree = "<group>"; };
		6E9AEEB92C2D1EA700522E71 /* LocationView.swift */ = {isa = PBXFileReference; lastKnownFileType = sourcecode.swift; path = LocationView.swift; sourceTree = "<group>"; };
		6EA242452B86E07800C02D88 /* UserStatus.swift */ = {isa = PBXFileReference; lastKnownFileType = sourcecode.swift; path = UserStatus.swift; sourceTree = "<group>"; };
		6EA2424C2B86E42000C02D88 /* ForgotPasswordView.swift */ = {isa = PBXFileReference; lastKnownFileType = sourcecode.swift; path = ForgotPasswordView.swift; sourceTree = "<group>"; };
		6EAA35902BAE5E6800CA3C30 /* DataStructures.swift */ = {isa = PBXFileReference; lastKnownFileType = sourcecode.swift; path = DataStructures.swift; sourceTree = "<group>"; };
		6EABA1DE2DA71B0E00A76A6B /* articlesLocation.swift */ = {isa = PBXFileReference; lastKnownFileType = sourcecode.swift; path = articlesLocation.swift; sourceTree = "<group>"; };
		6EABA1DF2DA71B0E00A76A6B /* Conversions.swift */ = {isa = PBXFileReference; lastKnownFileType = sourcecode.swift; path = Conversions.swift; sourceTree = "<group>"; };
		6EABA1E02DA71B0E00A76A6B /* countGPSDataAll.swift */ = {isa = PBXFileReference; lastKnownFileType = sourcecode.swift; path = countGPSDataAll.swift; sourceTree = "<group>"; };
		6EABA1E12DA71B0E00A76A6B /* FormatDates.swift */ = {isa = PBXFileReference; lastKnownFileType = sourcecode.swift; path = FormatDates.swift; sourceTree = "<group>"; };
		6EABA1E22DA71B0E00A76A6B /* FormatPhoneNumbers.swift */ = {isa = PBXFileReference; lastKnownFileType = sourcecode.swift; path = FormatPhoneNumbers.swift; sourceTree = "<group>"; };
		6EABA1E32DA71B0E00A76A6B /* FormatSpeed.swift */ = {isa = PBXFileReference; lastKnownFileType = sourcecode.swift; path = FormatSpeed.swift; sourceTree = "<group>"; };
		6EABA1E42DA71B0E00A76A6B /* isImageEmpty.swift */ = {isa = PBXFileReference; lastKnownFileType = sourcecode.swift; path = isImageEmpty.swift; sourceTree = "<group>"; };
		6EABA1E52DA71B0E00A76A6B /* isURLReachable.swift */ = {isa = PBXFileReference; lastKnownFileType = sourcecode.swift; path = isURLReachable.swift; sourceTree = "<group>"; };
		6EABA1E62DA71B0E00A76A6B /* isValidEmail.swift */ = {isa = PBXFileReference; lastKnownFileType = sourcecode.swift; path = isValidEmail.swift; sourceTree = "<group>"; };
		6EABA1E72DA71B0E00A76A6B /* isValidPhoneNumber.swift */ = {isa = PBXFileReference; lastKnownFileType = sourcecode.swift; path = isValidPhoneNumber.swift; sourceTree = "<group>"; };
		6EABA1E82DA71B0E00A76A6B /* maskEmail.swift */ = {isa = PBXFileReference; lastKnownFileType = sourcecode.swift; path = maskEmail.swift; sourceTree = "<group>"; };
		6EABA1E92DA71B0E00A76A6B /* maskPassword.swift */ = {isa = PBXFileReference; lastKnownFileType = sourcecode.swift; path = maskPassword.swift; sourceTree = "<group>"; };
		6EABA1EA2DA71B0E00A76A6B /* maskString.swift */ = {isa = PBXFileReference; lastKnownFileType = sourcecode.swift; path = maskString.swift; sourceTree = "<group>"; };
		6EABA1EB2DA71B0E00A76A6B /* maskUsername.swift */ = {isa = PBXFileReference; lastKnownFileType = sourcecode.swift; path = maskUsername.swift; sourceTree = "<group>"; };
		6EABA1EC2DA71B0E00A76A6B /* passwordStrengthCheck.swift */ = {isa = PBXFileReference; lastKnownFileType = sourcecode.swift; path = passwordStrengthCheck.swift; sourceTree = "<group>"; };
		6EABA1ED2DA71B0E00A76A6B /* printUserSettings.swift */ = {isa = PBXFileReference; lastKnownFileType = sourcecode.swift; path = printUserSettings.swift; sourceTree = "<group>"; };
		6EABA1EE2DA71B0E00A76A6B /* purgeGPSData.swift */ = {isa = PBXFileReference; lastKnownFileType = sourcecode.swift; path = purgeGPSData.swift; sourceTree = "<group>"; };
		6EB56CEE2B85303E00C106F0 /* UserProfileView.swift */ = {isa = PBXFileReference; lastKnownFileType = sourcecode.swift; path = UserProfileView.swift; sourceTree = "<group>"; };
		6EB56CF02B85306C00C106F0 /* AvatarPickerView.swift */ = {isa = PBXFileReference; lastKnownFileType = sourcecode.swift; path = AvatarPickerView.swift; sourceTree = "<group>"; };
		6EB56CF32B8530C600C106F0 /* ImageNavCancel.swift */ = {isa = PBXFileReference; lastKnownFileType = sourcecode.swift; path = ImageNavCancel.swift; sourceTree = "<group>"; };
		6EB56CF52B85310900C106F0 /* TextNavCancel.swift */ = {isa = PBXFileReference; lastKnownFileType = sourcecode.swift; path = TextNavCancel.swift; sourceTree = "<group>"; };
		6EB56CF72B8531A800C106F0 /* ButtonModifiers.swift */ = {isa = PBXFileReference; lastKnownFileType = sourcecode.swift; path = ButtonModifiers.swift; sourceTree = "<group>"; };
		6EB56CF92B8531DF00C106F0 /* ZoomScrollView.swift */ = {isa = PBXFileReference; lastKnownFileType = sourcecode.swift; path = ZoomScrollView.swift; sourceTree = "<group>"; };
		6EB56CFB2B85322800C106F0 /* ImagePicker.swift */ = {isa = PBXFileReference; lastKnownFileType = sourcecode.swift; path = ImagePicker.swift; sourceTree = "<group>"; };
		6EB56CFF2B8532BB00C106F0 /* UserAccountView.swift */ = {isa = PBXFileReference; lastKnownFileType = sourcecode.swift; path = UserAccountView.swift; sourceTree = "<group>"; };
		6EB56D012B85331000C106F0 /* TextFieldEx.swift */ = {isa = PBXFileReference; lastKnownFileType = sourcecode.swift; path = TextFieldEx.swift; sourceTree = "<group>"; };
		6EB56D092B8556E400C106F0 /* DeveloperSettingsView.swift */ = {isa = PBXFileReference; lastKnownFileType = sourcecode.swift; path = DeveloperSettingsView.swift; sourceTree = "<group>"; };
		6EB56D0B2B85574B00C106F0 /* SystemInfoView.swift */ = {isa = PBXFileReference; lastKnownFileType = sourcecode.swift; path = SystemInfoView.swift; sourceTree = "<group>"; };
		6EB56D0D2B85577900C106F0 /* SettingsInfoView.swift */ = {isa = PBXFileReference; lastKnownFileType = sourcecode.swift; path = SettingsInfoView.swift; sourceTree = "<group>"; };
		6EB56D0F2B85588F00C106F0 /* UserSettingsView.swift */ = {isa = PBXFileReference; lastKnownFileType = sourcecode.swift; path = UserSettingsView.swift; sourceTree = "<group>"; };
		6EB56D112B8558A800C106F0 /* UserSupportView.swift */ = {isa = PBXFileReference; lastKnownFileType = sourcecode.swift; path = UserSupportView.swift; sourceTree = "<group>"; };
		6EB56D132B8558C700C106F0 /* UserSecurityView.swift */ = {isa = PBXFileReference; lastKnownFileType = sourcecode.swift; path = UserSecurityView.swift; sourceTree = "<group>"; };
		6EB56D152B8559AA00C106F0 /* BiometricsClass.swift */ = {isa = PBXFileReference; lastKnownFileType = sourcecode.swift; path = BiometricsClass.swift; sourceTree = "<group>"; };
		6EB56D172B855A6B00C106F0 /* MailView.swift */ = {isa = PBXFileReference; lastKnownFileType = sourcecode.swift; path = MailView.swift; sourceTree = "<group>"; };
		6EB56D1B2B855B5800C106F0 /* Articles.json */ = {isa = PBXFileReference; lastKnownFileType = text.json; path = Articles.json; sourceTree = "<group>"; };
		6EB56D1D2B855B7700C106F0 /* NoArticles.json */ = {isa = PBXFileReference; lastKnownFileType = text.json; path = NoArticles.json; sourceTree = "<group>"; };
		6EB56D1F2B855BA800C106F0 /* ArticlesClassV1.swift */ = {isa = PBXFileReference; lastKnownFileType = sourcecode.swift; path = ArticlesClassV1.swift; sourceTree = "<group>"; };
		6EB56D242B855CD400C106F0 /* ArticleView.swift */ = {isa = PBXFileReference; lastKnownFileType = sourcecode.swift; path = ArticleView.swift; sourceTree = "<group>"; };
		6EB56D262B855CFD00C106F0 /* ArticlesSearchView.swift */ = {isa = PBXFileReference; lastKnownFileType = sourcecode.swift; path = ArticlesSearchView.swift; sourceTree = "<group>"; };
		6EB56D2A2B855EA400C106F0 /* AuthenticationClass.swift */ = {isa = PBXFileReference; lastKnownFileType = sourcecode.swift; path = AuthenticationClass.swift; sourceTree = "<group>"; };
		6EB56D2C2B855F5700C106F0 /* AppDelegate.swift */ = {isa = PBXFileReference; lastKnownFileType = sourcecode.swift; path = AppDelegate.swift; sourceTree = "<group>"; };
		6EB56D672B8568D400C106F0 /* OnboardLaunchView.swift */ = {isa = PBXFileReference; lastKnownFileType = sourcecode.swift; path = OnboardLaunchView.swift; sourceTree = "<group>"; };
		6EB56D692B8568E200C106F0 /* OnboardStartView.swift */ = {isa = PBXFileReference; lastKnownFileType = sourcecode.swift; path = OnboardStartView.swift; sourceTree = "<group>"; };
		6EB56D6D2B85695500C106F0 /* OnboardAccountView.swift */ = {isa = PBXFileReference; lastKnownFileType = sourcecode.swift; path = OnboardAccountView.swift; sourceTree = "<group>"; };
		6EB56D6F2B85697B00C106F0 /* OnboardEmailView.swift */ = {isa = PBXFileReference; lastKnownFileType = sourcecode.swift; path = OnboardEmailView.swift; sourceTree = "<group>"; };
		6EB56D712B85699500C106F0 /* OnboardPasswordView.swift */ = {isa = PBXFileReference; lastKnownFileType = sourcecode.swift; path = OnboardPasswordView.swift; sourceTree = "<group>"; };
		6EB56D732B8569C900C106F0 /* OnboardCompleteView.swift */ = {isa = PBXFileReference; lastKnownFileType = sourcecode.swift; path = OnboardCompleteView.swift; sourceTree = "<group>"; };
		6EB56D752B856A4100C106F0 /* Buttons.swift */ = {isa = PBXFileReference; lastKnownFileType = sourcecode.swift; path = Buttons.swift; sourceTree = "<group>"; };
		6EC603C42C6AE745001BB460 /* ActivityManager.swift */ = {isa = PBXFileReference; lastKnownFileType = sourcecode.swift; path = ActivityManager.swift; sourceTree = "<group>"; };
		6EC99BA02DD7973000439EBA /* LogManager.swift */ = {isa = PBXFileReference; lastKnownFileType = sourcecode.swift; path = LogManager.swift; sourceTree = "<group>"; };
		6ECEC4042C27740200232E80 /* GoogleService-Info.plist */ = {isa = PBXFileReference; fileEncoding = 4; lastKnownFileType = text.plist.xml; path = "GoogleService-Info.plist"; sourceTree = "<group>"; };
		6ECF91862D6E46B6007B8F1F /* README.md */ = {isa = PBXFileReference; lastKnownFileType = net.daringfireball.markdown; path = README.md; sourceTree = "<group>"; };
		6ECF91882D6E46F3007B8F1F /* DEV_NOTES.md */ = {isa = PBXFileReference; lastKnownFileType = net.daringfireball.markdown; path = DEV_NOTES.md; sourceTree = "<group>"; };
		6ECF926C2D6E505D007B8F1F /* AuthModeEnum.swift */ = {isa = PBXFileReference; lastKnownFileType = sourcecode.swift; path = AuthModeEnum.swift; sourceTree = "<group>"; };
		6ECF92702D6E5417007B8F1F /* ModelContainerProvider.swift */ = {isa = PBXFileReference; lastKnownFileType = sourcecode.swift; path = ModelContainerProvider.swift; sourceTree = "<group>"; };
		6ECF92742D6E6418007B8F1F /* BackgroundManagerV1.swift */ = {isa = PBXFileReference; lastKnownFileType = sourcecode.swift; path = BackgroundManagerV1.swift; sourceTree = "<group>"; };
		6ECF927C2D6E66E6007B8F1F /* AnalyticsConsentDetails.html */ = {isa = PBXFileReference; lastKnownFileType = text.html; path = AnalyticsConsentDetails.html; sourceTree = "<group>"; };
		6ECF92822D6E68F2007B8F1F /* AnimatedSideBar.swift */ = {isa = PBXFileReference; lastKnownFileType = sourcecode.swift; path = AnimatedSideBar.swift; sourceTree = "<group>"; };
		6ECF92842D6E69A4007B8F1F /* AsyncProcessor.swift */ = {isa = PBXFileReference; lastKnownFileType = sourcecode.swift; path = AsyncProcessor.swift; sourceTree = "<group>"; };
		6ECF92862D6E6A03007B8F1F /* CarPlayManager.swift */ = {isa = PBXFileReference; lastKnownFileType = sourcecode.swift; path = CarPlayManager.swift; sourceTree = "<group>"; };
		6ECF92882D6E6A30007B8F1F /* SceneDelegateClass.swift */ = {isa = PBXFileReference; lastKnownFileType = sourcecode.swift; path = SceneDelegateClass.swift; sourceTree = "<group>"; };
		6ECF928A2D6E6A87007B8F1F /* GDPRConsentView.swift */ = {isa = PBXFileReference; lastKnownFileType = sourcecode.swift; path = GDPRConsentView.swift; sourceTree = "<group>"; };
		6ECF92962D6E9A73007B8F1F /* WebPageView.swift */ = {isa = PBXFileReference; lastKnownFileType = sourcecode.swift; path = WebPageView.swift; sourceTree = "<group>"; };
		6ECF92982D6E9BBA007B8F1F /* BluetoothView.swift */ = {isa = PBXFileReference; lastKnownFileType = sourcecode.swift; path = BluetoothView.swift; sourceTree = "<group>"; };
		6ECF929E2D6E9C4F007B8F1F /* OtherView.swift */ = {isa = PBXFileReference; lastKnownFileType = sourcecode.swift; path = OtherView.swift; sourceTree = "<group>"; };
		6ECF92A22D6E9CBD007B8F1F /* NotificationManager.swift */ = {isa = PBXFileReference; lastKnownFileType = sourcecode.swift; path = NotificationManager.swift; sourceTree = "<group>"; };
		6ECF92AA2D6EA018007B8F1F /* TourFileLocationEnum.swift */ = {isa = PBXFileReference; lastKnownFileType = sourcecode.swift; path = TourFileLocationEnum.swift; sourceTree = "<group>"; };
		6ECF92DC2D6EA68B007B8F1F /* GitHubManager.swift */ = {isa = PBXFileReference; lastKnownFileType = sourcecode.swift; path = GitHubManager.swift; sourceTree = "<group>"; };
		6ECF92DE2D6EA72E007B8F1F /* SystemStatusView.swift */ = {isa = PBXFileReference; lastKnownFileType = sourcecode.swift; path = SystemStatusView.swift; sourceTree = "<group>"; };
		6ECF92E02D6EAB73007B8F1F /* NotificationExtensions.swift */ = {isa = PBXFileReference; lastKnownFileType = sourcecode.swift; path = NotificationExtensions.swift; sourceTree = "<group>"; };
		6ECF92E22D6EABF6007B8F1F /* LoginViewV2.swift */ = {isa = PBXFileReference; lastKnownFileType = sourcecode.swift; path = LoginViewV2.swift; sourceTree = "<group>"; };
		6ECF92E42D6EAC98007B8F1F /* AuthSourceEnum.swift */ = {isa = PBXFileReference; lastKnownFileType = sourcecode.swift; path = AuthSourceEnum.swift; sourceTree = "<group>"; };
		6ECF92E62D6EACD8007B8F1F /* BiometricTypeEnum.swift */ = {isa = PBXFileReference; lastKnownFileType = sourcecode.swift; path = BiometricTypeEnum.swift; sourceTree = "<group>"; };
		6ED500B22DC2924C001DA849 /* StartupSequenceView.swift */ = {isa = PBXFileReference; lastKnownFileType = sourcecode.swift; path = StartupSequenceView.swift; sourceTree = "<group>"; };
/* End PBXFileReference section */

/* Begin PBXFrameworksBuildPhase section */
		6E94F6EE2B7C563C00AFA97F /* Frameworks */ = {
			isa = PBXFrameworksBuildPhase;
			files = (
				6E9C449E2BAE8E9E002FABDB /* FirebaseDatabase in Frameworks */,
				6E9C44AC2BAE8E9E002FABDB /* FirebaseFunctionsCombine-Community in Frameworks */,
				6E9C44A42BAE8E9E002FABDB /* FirebaseFirestore in Frameworks */,
				6E9C44902BAE8E9E002FABDB /* FirebaseAnalyticsSwift in Frameworks */,
				6E9C448C2BAE8E9E002FABDB /* FirebaseAnalytics in Frameworks */,
				6E9C448E2BAE8E9E002FABDB /* FirebaseAnalyticsOnDeviceConversion in Frameworks */,
				6E9C44B42BAE8E9E002FABDB /* FirebaseMLModelDownloader in Frameworks */,
				6E9C44A82BAE8E9E002FABDB /* FirebaseFirestoreSwift in Frameworks */,
				6E9C44942BAE8E9E002FABDB /* FirebaseAppCheck in Frameworks */,
				6E9C44922BAE8E9E002FABDB /* FirebaseAnalyticsWithoutAdIdSupport in Frameworks */,
				6E9C44982BAE8E9E002FABDB /* FirebaseAuth in Frameworks */,
				6E9C449C2BAE8E9E002FABDB /* FirebaseCrashlytics in Frameworks */,
				6E9C44BC2BAE8E9E002FABDB /* FirebaseRemoteConfigSwift in Frameworks */,
				6E9C44AE2BAE8E9E002FABDB /* FirebaseInAppMessaging-Beta in Frameworks */,
				6E9C44A02BAE8E9E002FABDB /* FirebaseDatabaseSwift in Frameworks */,
				6E9C44AA2BAE8E9E002FABDB /* FirebaseFunctions in Frameworks */,
				6E9C44C02BAE8E9E002FABDB /* FirebaseStorageCombine-Community in Frameworks */,
				6E9C44BA2BAE8E9E002FABDB /* FirebaseRemoteConfig in Frameworks */,
				6E9C44962BAE8E9E002FABDB /* FirebaseAppDistribution-Beta in Frameworks */,
				6E9C449A2BAE8E9E002FABDB /* FirebaseAuthCombine-Community in Frameworks */,
				6E9C44B82BAE8E9E002FABDB /* FirebasePerformance in Frameworks */,
				6E9C44B02BAE8E9E002FABDB /* FirebaseInAppMessagingSwift-Beta in Frameworks */,
				6E9C44BE2BAE8E9E002FABDB /* FirebaseStorage in Frameworks */,
				6E9C44A22BAE8E9E002FABDB /* FirebaseDynamicLinks in Frameworks */,
				6E9C44A62BAE8E9E002FABDB /* FirebaseFirestoreCombine-Community in Frameworks */,
				6E9C44B62BAE8E9E002FABDB /* FirebaseMessaging in Frameworks */,
				6E9C44B22BAE8E9E002FABDB /* FirebaseInstallations in Frameworks */,
			);
		};
/* End PBXFrameworksBuildPhase section */

/* Begin PBXGroup section */
		6E2A22CB2B89646C0030F23E /* Introduction */ = {
			isa = PBXGroup;
			children = (
				6E19D6E12BA2501B00B2AE8C /* IntroAcceptTermsView.swift */,
				6E2A22D22B89680C0030F23E /* IntroCompleteView.swift */,
				6E2A22CE2B8964C40030F23E /* IntroLaunchView.swift */,
				6E2A22CC2B89649A0030F23E /* IntroStartView.swift */,
			);
			path = Introduction;
			sourceTree = "<group>";
		};
		6E2A88EA2BE7F47100DFC163 /* Home */ = {
			isa = PBXGroup;
			children = (
				6E89635B2B7D8BEC003ABB4F /* HomeView.swift */,
			);
			path = Home;
			sourceTree = "<group>";
		};
		6E3F44AD2D77B75F0020229A /* More */ = {
			isa = PBXGroup;
			children = (
				6E680D5E2D7BC8C5002F7F43 /* MoreView.swift */,
				6E3F44AE2D77BE710020229A /* ActivityView.swift */,
				6ECF92982D6E9BBA007B8F1F /* BluetoothView.swift */,
				6E76F7902DAF22F90052CF42 /* unused */,
			);
			path = More;
			sourceTree = "<group>";
		};
		6E680D612D7BD7B1002F7F43 /* Motion */ = {
			isa = PBXGroup;
			children = (
				6E3F449D2D77B2A20020229A /* MotionView.swift */,
			);
			path = Motion;
			sourceTree = "<group>";
		};
		6E680D622D7BD8CC002F7F43 /* Travel */ = {
			isa = PBXGroup;
			children = (
				6E680D382D7BC89C002F7F43 /* ConeView.swift */,
				6E680D392D7BC89C002F7F43 /* TravelViewV3.swift */,
				6E4E1D052DCFD29A00AFA8E5 /* TravelViewV4.swift */,
			);
			path = Travel;
			sourceTree = "<group>";
		};
		6E76F7902DAF22F90052CF42 /* unused */ = {
			isa = PBXGroup;
			children = (
				6E9AEEB92C2D1EA700522E71 /* LocationView.swift */,
				6ECF929E2D6E9C4F007B8F1F /* OtherView.swift */,
			);
			path = unused;
			sourceTree = "<group>";
		};
		6E88DC0F2B846B2700BBB4DD /* Welcome */ = {
			isa = PBXGroup;
			children = (
				6E88DC212B846FC400BBB4DD /* WelcomePageView.swift */,
				6E88DC232B846FE400BBB4DD /* WelcomeView.swift */,
			);
			path = Welcome;
			sourceTree = "<group>";
		};
		6E88DC102B846B4400BBB4DD /* Onboard */ = {
			isa = PBXGroup;
			children = (
				6EB56D672B8568D400C106F0 /* OnboardLaunchView.swift */,
				6EB56D692B8568E200C106F0 /* OnboardStartView.swift */,
				6EB56D6D2B85695500C106F0 /* OnboardAccountView.swift */,
				6EB56D6F2B85697B00C106F0 /* OnboardEmailView.swift */,
				6EB56D712B85699500C106F0 /* OnboardPasswordView.swift */,
				6EB56D732B8569C900C106F0 /* OnboardCompleteView.swift */,
			);
			path = Onboard;
			sourceTree = "<group>";
		};
		6E88DC2F2B8475EF00BBB4DD /* Extensions */ = {
			isa = PBXGroup;
			children = (
				6E54AD972BA7A03500A502DC /* Extensions.swift */,
				6ECF92E02D6EAB73007B8F1F /* NotificationExtensions.swift */,
				6E88DC302B84761200BBB4DD /* ViewExtensions.swift */,
			);
			path = Extensions;
			sourceTree = "<group>";
		};
		6E94F6E82B7C563C00AFA97F = {
			isa = PBXGroup;
			children = (
				6E5DDDA12D7BDEB60018F250 /* .gitignore */,
				6ECF91862D6E46B6007B8F1F /* README.md */,
				6ECF91882D6E46F3007B8F1F /* DEV_NOTES.md */,
				6E94F6F32B7C563C00AFA97F /* Globulon */,
				6E94F6F22B7C563C00AFA97F /* Products */,
			);
			sourceTree = "<group>";
		};
		6E94F6F22B7C563C00AFA97F /* Products */ = {
			isa = PBXGroup;
			children = (
				6E94F6F12B7C563C00AFA97F /* Globulon.app */,
			);
			name = Products;
			sourceTree = "<group>";
		};
		6E94F6F32B7C563C00AFA97F /* Globulon */ = {
			isa = PBXGroup;
			children = (
				6E11E2BD2DBB3785002F84C3 /* PrivacyInfo.xcprivacy */,
				6ECEC4042C27740200232E80 /* GoogleService-Info.plist */,
				6E94F7222B7C787300AFA97F /* Info.plist */,
				6E9A19D42BAFE67F000E5128 /* Globulon.entitlements */,
				6E94F6F42B7C563C00AFA97F /* GlobulonApp.swift */,
				6EB56D2C2B855F5700C106F0 /* AppDelegate.swift */,
				6E949E962C3CDC8D00E42D6D /* LaunchScreen.storyboard */,
				6E94F7072B7C570800AFA97F /* Models */,
				6E94F7042B7C567B00AFA97F /* Views */,
				6E94F7062B7C56BC00AFA97F /* Classes */,
				6EABA2002DA71D6800A76A6B /* Functions */,
				6E94F70E2B7C68F400AFA97F /* Enums */,
				6E94F7112B7C697A00AFA97F /* Representables */,
				6EB56CF22B8530B300C106F0 /* Modifiers */,
				6E88DC2F2B8475EF00BBB4DD /* Extensions */,
				6E94F7052B7C569B00AFA97F /* Resources */,
				6E94F6FC2B7C563D00AFA97F /* Preview Content */,
			);
			path = Globulon;
			sourceTree = "<group>";
		};
		6E94F6FC2B7C563D00AFA97F /* Preview Content */ = {
			isa = PBXGroup;
			children = (
				6E94F6FD2B7C563D00AFA97F /* Preview Assets.xcassets */,
			);
			path = "Preview Content";
			sourceTree = "<group>";
		};
		6E94F7042B7C567B00AFA97F /* Views */ = {
			isa = PBXGroup;
			children = (
				6E94F7202B7C75BC00AFA97F /* LaunchView.swift */,
				6ECF92822D6E68F2007B8F1F /* AnimatedSideBar.swift */,
				6E94F7182B7C73EA00AFA97F /* MasterView.swift */,
				6E94F71E2B7C759000AFA97F /* MainView.swift */,
				6ED500B22DC2924C001DA849 /* StartupSequenceView.swift */,
				6E88DC292B84739F00BBB4DD /* VersionSheetView.swift */,
				6ED869E92B7EF1E2004528DD /* Tabs */,
				6EA242472B86E38B00C02D88 /* Login */,
				6EA242442B86DD5400C02D88 /* Permissions */,
				6EB56CED2B85301700C106F0 /* Settings */,
				6E88DC102B846B4400BBB4DD /* Onboard */,
				6E2A22CB2B89646C0030F23E /* Introduction */,
				6E88DC0F2B846B2700BBB4DD /* Welcome */,
				6EB56D232B855CB500C106F0 /* Articles */,
				6E983A6A2B842606002F2251 /* Documents */,
			);
			path = Views;
			sourceTree = "<group>";
		};
		6E94F7052B7C569B00AFA97F /* Resources */ = {
			isa = PBXGroup;
			children = (
				6E94F6FA2B7C563D00AFA97F /* Assets.xcassets */,
				6EB56D1D2B855B7700C106F0 /* NoArticles.json */,
				6EB56D1B2B855B5800C106F0 /* Articles.json */,
				6E983A772B842C56002F2251 /* Terms.json */,
				6ECF927C2D6E66E6007B8F1F /* AnalyticsConsentDetails.html */,
			);
			path = Resources;
			sourceTree = "<group>";
		};
		6E94F7062B7C56BC00AFA97F /* Classes */ = {
			isa = PBXGroup;
			children = (
				6ECF92842D6E69A4007B8F1F /* AsyncProcessor.swift */,
				6EC603C42C6AE745001BB460 /* ActivityManager.swift */,
				6E5928822BA1FFCF00CE0B8F /* AddressClass.swift */,
				6E88DC1F2B846E6E00BBB4DD /* AppInfoClass.swift */,
				6E63150B2DC3BEC800F92589 /* ArticlesClassV2.swift */,
				6EB56D1F2B855BA800C106F0 /* ArticlesClassV1.swift */,
				6EB56D2A2B855EA400C106F0 /* AuthenticationClass.swift */,
				6ECF92742D6E6418007B8F1F /* BackgroundManagerV1.swift */,
				6E2220B62DB1911200A93F62 /* BackgroundManagerV2.swift */,
				6EB56D152B8559AA00C106F0 /* BiometricsClass.swift */,
				6E94F7312B7C944100AFA97F /* DateInfoClass.swift */,
				6ECF92DC2D6EA68B007B8F1F /* GitHubManager.swift */,
				6E97DC2D2DA9B7FF00468F43 /* LocationManager.swift */,
				6EC99BA02DD7973000439EBA /* LogManager.swift */,
				6E3F449B2D77B2460020229A /* MotionManager.swift */,
				6E08F52E2BA905B7004E6329 /* NetworkManager.swift */,
				6ECF92A22D6E9CBD007B8F1F /* NotificationManager.swift */,
				6E88DC1D2B846E3C00BBB4DD /* SystemInfoClass.swift */,
				6E27FC052DB3154600C91FFF /* BluetoothManager.swift */,
				6ECF92862D6E6A03007B8F1F /* CarPlayManager.swift */,
				6ECF92882D6E6A30007B8F1F /* SceneDelegateClass.swift */,
				6E69CC502DC1326200852E76 /* VersionManager.swift */,
			);
			path = Classes;
			sourceTree = "<group>";
		};
		6E94F7072B7C570800AFA97F /* Models */ = {
			isa = PBXGroup;
			children = (
				6E94F7082B7C574500AFA97F /* ModelSchemas */,
				6E2993B22BC1DF5900CA14AE /* AppAliases.swift */,
				6E7274972B804A9E00B5547C /* AppDefaults.swift */,
				6E7274952B804A1700B5547C /* AppEnvironment.swift */,
				6E6D9B252B8403B2004325A1 /* AppSettings.swift */,
				6E88DC342B8479DA00BBB4DD /* AppStatus.swift */,
				6E94F72B2B7C92F100AFA97F /* UserSettings.swift */,
				6EA242452B86E07800C02D88 /* UserStatus.swift */,
			);
			path = Models;
			sourceTree = "<group>";
		};
		6E94F7082B7C574500AFA97F /* ModelSchemas */ = {
			isa = PBXGroup;
			children = (
				6EAA35902BAE5E6800CA3C30 /* DataStructures.swift */,
				6E94F70C2B7C57D200AFA97F /* ModelSchemaV01_00_00.swift */,
				6E54D2392D91F1CD002C04B8 /* ModelSchemaV01_00_01.swift */,
				6ECF92702D6E5417007B8F1F /* ModelContainerProvider.swift */,
			);
			path = ModelSchemas;
			sourceTree = "<group>";
		};
		6E94F70E2B7C68F400AFA97F /* Enums */ = {
			isa = PBXGroup;
			children = (
				6E88DC2D2B84753100BBB4DD /* ArticleLocationsEnum.swift */,
				6ECF926C2D6E505D007B8F1F /* AuthModeEnum.swift */,
				6ECF92E42D6EAC98007B8F1F /* AuthSourceEnum.swift */,
				6ECF92E62D6EACD8007B8F1F /* BiometricTypeEnum.swift */,
				6E2A22D02B8967260030F23E /* IntroPageEnum.swift */,
				6E94F72F2B7C941200AFA97F /* LandingPageEnum.swift */,
				6E88DC362B847A6100BBB4DD /* OnboardPageEnum.swift */,
				6ECF92AA2D6EA018007B8F1F /* TourFileLocationEnum.swift */,
				6E94F72D2B7C93E200AFA97F /* UserModeEnum.swift */,
			);
			path = Enums;
			sourceTree = "<group>";
		};
		6E94F7112B7C697A00AFA97F /* Representables */ = {
			isa = PBXGroup;
			children = (
				6E983A6D2B8426AC002F2251 /* HTMLStringView.swift */,
				6E88DC172B846C5200BBB4DD /* SwiftUIWebView.swift */,
				6E88DC252B84703300BBB4DD /* PageControl.swift */,
				6EB56CF92B8531DF00C106F0 /* ZoomScrollView.swift */,
				6EB56CFB2B85322800C106F0 /* ImagePicker.swift */,
				6EB56D012B85331000C106F0 /* TextFieldEx.swift */,
				6EB56D172B855A6B00C106F0 /* MailView.swift */,
				6EB56D752B856A4100C106F0 /* Buttons.swift */,
			);
			path = Representables;
			sourceTree = "<group>";
		};
		6E983A6A2B842606002F2251 /* Documents */ = {
			isa = PBXGroup;
			children = (
				6ECF92962D6E9A73007B8F1F /* WebPageView.swift */,
			);
			path = Documents;
			sourceTree = "<group>";
		};
		6EA242442B86DD5400C02D88 /* Permissions */ = {
			isa = PBXGroup;
			children = (
				6E48E7E32BA0E8480052B3EB /* PermissionsView.swift */,
				6ECF928A2D6E6A87007B8F1F /* GDPRConsentView.swift */,
			);
			path = Permissions;
			sourceTree = "<group>";
		};
		6EA242472B86E38B00C02D88 /* Login */ = {
			isa = PBXGroup;
			children = (
				6ECF92E22D6EABF6007B8F1F /* LoginViewV2.swift */,
				6EA2424C2B86E42000C02D88 /* ForgotPasswordView.swift */,
			);
			path = Login;
			sourceTree = "<group>";
		};
		6EABA2002DA71D6800A76A6B /* Functions */ = {
			isa = PBXGroup;
			children = (
				6EABA1DE2DA71B0E00A76A6B /* articlesLocation.swift */,
				6EABA1DF2DA71B0E00A76A6B /* Conversions.swift */,
				6EABA1E02DA71B0E00A76A6B /* countGPSDataAll.swift */,
				6EABA1E12DA71B0E00A76A6B /* FormatDates.swift */,
				6EABA1E22DA71B0E00A76A6B /* FormatPhoneNumbers.swift */,
				6EABA1E32DA71B0E00A76A6B /* FormatSpeed.swift */,
				6EABA1E42DA71B0E00A76A6B /* isImageEmpty.swift */,
				6EABA1E52DA71B0E00A76A6B /* isURLReachable.swift */,
				6EABA1E62DA71B0E00A76A6B /* isValidEmail.swift */,
				6EABA1E72DA71B0E00A76A6B /* isValidPhoneNumber.swift */,
				6EABA1E82DA71B0E00A76A6B /* maskEmail.swift */,
				6EABA1E92DA71B0E00A76A6B /* maskPassword.swift */,
				6EABA1EA2DA71B0E00A76A6B /* maskString.swift */,
				6EABA1EB2DA71B0E00A76A6B /* maskUsername.swift */,
				6EABA1EC2DA71B0E00A76A6B /* passwordStrengthCheck.swift */,
				6EABA1ED2DA71B0E00A76A6B /* printUserSettings.swift */,
				6EABA1EE2DA71B0E00A76A6B /* purgeGPSData.swift */,
			);
			path = Functions;
			sourceTree = "<group>";
		};
		6EB56CED2B85301700C106F0 /* Settings */ = {
			isa = PBXGroup;
			children = (
				6EB56CF02B85306C00C106F0 /* AvatarPickerView.swift */,
				6EB56D092B8556E400C106F0 /* DeveloperSettingsView.swift */,
				6EB56D0D2B85577900C106F0 /* SettingsInfoView.swift */,
				6EB56D0B2B85574B00C106F0 /* SystemInfoView.swift */,
				6ECF92DE2D6EA72E007B8F1F /* SystemStatusView.swift */,
				6EB56CFF2B8532BB00C106F0 /* UserAccountView.swift */,
				6EB56CEE2B85303E00C106F0 /* UserProfileView.swift */,
				6EB56D132B8558C700C106F0 /* UserSecurityView.swift */,
				6EB56D0F2B85588F00C106F0 /* UserSettingsView.swift */,
				6EB56D112B8558A800C106F0 /* UserSupportView.swift */,
			);
			path = Settings;
			sourceTree = "<group>";
		};
		6EB56CF22B8530B300C106F0 /* Modifiers */ = {
			isa = PBXGroup;
			children = (
				6EB56CF32B8530C600C106F0 /* ImageNavCancel.swift */,
				6EB56CF52B85310900C106F0 /* TextNavCancel.swift */,
				6EB56CF72B8531A800C106F0 /* ButtonModifiers.swift */,
			);
			path = Modifiers;
			sourceTree = "<group>";
		};
		6EB56D232B855CB500C106F0 /* Articles */ = {
			isa = PBXGroup;
			children = (
				6EB56D262B855CFD00C106F0 /* ArticlesSearchView.swift */,
				6EB56D242B855CD400C106F0 /* ArticleView.swift */,
			);
			path = Articles;
			sourceTree = "<group>";
		};
		6ED869E92B7EF1E2004528DD /* Tabs */ = {
			isa = PBXGroup;
			children = (
				6E2A88EA2BE7F47100DFC163 /* Home */,
				6E680D622D7BD8CC002F7F43 /* Travel */,
				6E680D612D7BD7B1002F7F43 /* Motion */,
				6E3F44AD2D77B75F0020229A /* More */,
			);
			path = Tabs;
			sourceTree = "<group>";
		};
/* End PBXGroup section */

/* Begin PBXNativeTarget section */
		6E94F6F02B7C563C00AFA97F /* Globulon */ = {
			isa = PBXNativeTarget;
			buildConfigurationList = 6E94F7012B7C563D00AFA97F /* Build configuration list for PBXNativeTarget "Globulon" */;
			buildPhases = (
				6E94F6ED2B7C563C00AFA97F /* Sources */,
				6E94F6EE2B7C563C00AFA97F /* Frameworks */,
				6E94F6EF2B7C563C00AFA97F /* Resources */,
			);
			buildRules = (
			);
			name = Globulon;
			packageProductDependencies = (
				6E9C448B2BAE8E9E002FABDB /* FirebaseAnalytics */,
				6E9C448D2BAE8E9E002FABDB /* FirebaseAnalyticsOnDeviceConversion */,
				6E9C448F2BAE8E9E002FABDB /* FirebaseAnalyticsSwift */,
				6E9C44912BAE8E9E002FABDB /* FirebaseAnalyticsWithoutAdIdSupport */,
				6E9C44932BAE8E9E002FABDB /* FirebaseAppCheck */,
				6E9C44952BAE8E9E002FABDB /* FirebaseAppDistribution-Beta */,
				6E9C44972BAE8E9E002FABDB /* FirebaseAuth */,
				6E9C44992BAE8E9E002FABDB /* FirebaseAuthCombine-Community */,
				6E9C449B2BAE8E9E002FABDB /* FirebaseCrashlytics */,
				6E9C449D2BAE8E9E002FABDB /* FirebaseDatabase */,
				6E9C449F2BAE8E9E002FABDB /* FirebaseDatabaseSwift */,
				6E9C44A12BAE8E9E002FABDB /* FirebaseDynamicLinks */,
				6E9C44A32BAE8E9E002FABDB /* FirebaseFirestore */,
				6E9C44A52BAE8E9E002FABDB /* FirebaseFirestoreCombine-Community */,
				6E9C44A72BAE8E9E002FABDB /* FirebaseFirestoreSwift */,
				6E9C44A92BAE8E9E002FABDB /* FirebaseFunctions */,
				6E9C44AB2BAE8E9E002FABDB /* FirebaseFunctionsCombine-Community */,
				6E9C44AD2BAE8E9E002FABDB /* FirebaseInAppMessaging-Beta */,
				6E9C44AF2BAE8E9E002FABDB /* FirebaseInAppMessagingSwift-Beta */,
				6E9C44B12BAE8E9E002FABDB /* FirebaseInstallations */,
				6E9C44B32BAE8E9E002FABDB /* FirebaseMLModelDownloader */,
				6E9C44B52BAE8E9E002FABDB /* FirebaseMessaging */,
				6E9C44B72BAE8E9E002FABDB /* FirebasePerformance */,
				6E9C44B92BAE8E9E002FABDB /* FirebaseRemoteConfig */,
				6E9C44BB2BAE8E9E002FABDB /* FirebaseRemoteConfigSwift */,
				6E9C44BD2BAE8E9E002FABDB /* FirebaseStorage */,
				6E9C44BF2BAE8E9E002FABDB /* FirebaseStorageCombine-Community */,
			);
			productName = Videntity;
			productReference = 6E94F6F12B7C563C00AFA97F /* Globulon.app */;
			productType = "com.apple.product-type.application";
		};
/* End PBXNativeTarget section */

/* Begin PBXProject section */
		6E94F6E92B7C563C00AFA97F /* Project object */ = {
			isa = PBXProject;
			attributes = {
				BuildIndependentTargetsInParallel = 1;
				LastSwiftUpdateCheck = 1520;
				LastUpgradeCheck = 1630;
				ORGANIZATIONNAME = "OpEx Networks, LLC";
				TargetAttributes = {
					6E94F6F02B7C563C00AFA97F = {
						CreatedOnToolsVersion = 15.2;
					};
				};
			};
			buildConfigurationList = 6E94F6EC2B7C563C00AFA97F /* Build configuration list for PBXProject "Globulon" */;
			developmentRegion = en;
			hasScannedForEncodings = 0;
			knownRegions = (
				en,
				Base,
			);
			mainGroup = 6E94F6E82B7C563C00AFA97F;
			packageReferences = (
				6EB56D302B85637600C106F0 /* XCRemoteSwiftPackageReference "firebase-ios-sdk" */,
			);
			preferredProjectObjectVersion = 90;
			productRefGroup = 6E94F6F22B7C563C00AFA97F /* Products */;
			projectDirPath = "";
			projectRoot = "";
			targets = (
				6E94F6F02B7C563C00AFA97F /* Globulon */,
			);
		};
/* End PBXProject section */

/* Begin PBXResourcesBuildPhase section */
		6E94F6EF2B7C563C00AFA97F /* Resources */ = {
			isa = PBXResourcesBuildPhase;
			files = (
				6E983A782B842C56002F2251 /* Terms.json in Resources */,
				6EB56D1E2B855B7700C106F0 /* NoArticles.json in Resources */,
				6EB56D1C2B855B5800C106F0 /* Articles.json in Resources */,
				6ECF91872D6E46B6007B8F1F /* README.md in Resources */,
				6E5DDDA22D7BDEB60018F250 /* .gitignore in Resources */,
				6ECEC4052C27740200232E80 /* GoogleService-Info.plist in Resources */,
				6E11E2BE2DBB3785002F84C3 /* PrivacyInfo.xcprivacy in Resources */,
				6ECF927D2D6E66E6007B8F1F /* AnalyticsConsentDetails.html in Resources */,
				6E94F6FE2B7C563D00AFA97F /* Preview Assets.xcassets in Resources */,
				6E949E972C3CDC8D00E42D6D /* LaunchScreen.storyboard in Resources */,
				6E94F6FB2B7C563D00AFA97F /* Assets.xcassets in Resources */,
				6ECF91892D6E46F3007B8F1F /* DEV_NOTES.md in Resources */,
			);
		};
/* End PBXResourcesBuildPhase section */

/* Begin PBXSourcesBuildPhase section */
		6E94F6ED2B7C563C00AFA97F /* Sources */ = {
			isa = PBXSourcesBuildPhase;
			files = (
				6EB56D0E2B85577900C106F0 /* SettingsInfoView.swift in Sources */,
				6EC99BA12DD7973000439EBA /* LogManager.swift in Sources */,
				6EB56D022B85331000C106F0 /* TextFieldEx.swift in Sources */,
				6E94F7322B7C944100AFA97F /* DateInfoClass.swift in Sources */,
				6EB56D6E2B85695500C106F0 /* OnboardAccountView.swift in Sources */,
				6EB56D742B8569C900C106F0 /* OnboardCompleteView.swift in Sources */,
				6E88DC262B84703300BBB4DD /* PageControl.swift in Sources */,
				6EB56D2D2B855F5700C106F0 /* AppDelegate.swift in Sources */,
				6ECF92712D6E5417007B8F1F /* ModelContainerProvider.swift in Sources */,
				6EB56CFC2B85322800C106F0 /* ImagePicker.swift in Sources */,
				6ECF92752D6E6418007B8F1F /* BackgroundManagerV1.swift in Sources */,
				6EA2424D2B86E42000C02D88 /* ForgotPasswordView.swift in Sources */,
				6E08F52F2BA905B7004E6329 /* NetworkManager.swift in Sources */,
				6EB56CF62B85310900C106F0 /* TextNavCancel.swift in Sources */,
				6EB56D142B8558C700C106F0 /* UserSecurityView.swift in Sources */,
				6EAA35912BAE5E6800CA3C30 /* DataStructures.swift in Sources */,
				6E88DC352B8479DA00BBB4DD /* AppStatus.swift in Sources */,
				6EC603C52C6AE745001BB460 /* ActivityManager.swift in Sources */,
				6E88DC372B847A6100BBB4DD /* OnboardPageEnum.swift in Sources */,
				6ECF92DF2D6EA72E007B8F1F /* SystemStatusView.swift in Sources */,
				6ECF928B2D6E6A87007B8F1F /* GDPRConsentView.swift in Sources */,
				6E7274982B804A9E00B5547C /* AppDefaults.swift in Sources */,
				6ECF92E72D6EACD8007B8F1F /* BiometricTypeEnum.swift in Sources */,
				6ECF92832D6E68F2007B8F1F /* AnimatedSideBar.swift in Sources */,
				6E88DC202B846E6E00BBB4DD /* AppInfoClass.swift in Sources */,
				6E2A22CF2B8964C40030F23E /* IntroLaunchView.swift in Sources */,
				6E54AD982BA7A03500A502DC /* Extensions.swift in Sources */,
				6EB56D682B8568D400C106F0 /* OnboardLaunchView.swift in Sources */,
				6ECF929F2D6E9C4F007B8F1F /* OtherView.swift in Sources */,
				6EB56D6A2B8568E200C106F0 /* OnboardStartView.swift in Sources */,
				6E3F449C2D77B2460020229A /* MotionManager.swift in Sources */,
				6EB56D102B85588F00C106F0 /* UserSettingsView.swift in Sources */,
				6E88DC2E2B84753100BBB4DD /* ArticleLocationsEnum.swift in Sources */,
				6ECF92E32D6EABF6007B8F1F /* LoginViewV2.swift in Sources */,
				6ECF926D2D6E505D007B8F1F /* AuthModeEnum.swift in Sources */,
				6EB56D702B85697B00C106F0 /* OnboardEmailView.swift in Sources */,
				6E94F7212B7C75BC00AFA97F /* LaunchView.swift in Sources */,
				6ECF92972D6E9A73007B8F1F /* WebPageView.swift in Sources */,
				6E3F44AF2D77BE710020229A /* ActivityView.swift in Sources */,
				6ECF92A32D6E9CBD007B8F1F /* NotificationManager.swift in Sources */,
				6EA242462B86E07800C02D88 /* UserStatus.swift in Sources */,
				6E4E1D062DCFD29A00AFA8E5 /* TravelViewV4.swift in Sources */,
				6E9AEEBA2C2D1EA700522E71 /* LocationView.swift in Sources */,
				6EB56CF82B8531A800C106F0 /* ButtonModifiers.swift in Sources */,
				6E94F72E2B7C93E200AFA97F /* UserModeEnum.swift in Sources */,
				6E88DC222B846FC400BBB4DD /* WelcomePageView.swift in Sources */,
				6ECF92E52D6EAC98007B8F1F /* AuthSourceEnum.swift in Sources */,
				6EB56D182B855A6B00C106F0 /* MailView.swift in Sources */,
				6EB56D722B85699500C106F0 /* OnboardPasswordView.swift in Sources */,
				6EB56CF42B8530C600C106F0 /* ImageNavCancel.swift in Sources */,
				6E94F70D2B7C57D200AFA97F /* ModelSchemaV01_00_00.swift in Sources */,
				6EB56D002B8532BB00C106F0 /* UserAccountView.swift in Sources */,
				6E97DC2E2DA9B7FF00468F43 /* LocationManager.swift in Sources */,
				6ECF92872D6E6A03007B8F1F /* CarPlayManager.swift in Sources */,
				6EB56D0C2B85574B00C106F0 /* SystemInfoView.swift in Sources */,
				6EB56D762B856A4100C106F0 /* Buttons.swift in Sources */,
				6E88DC2A2B84739F00BBB4DD /* VersionSheetView.swift in Sources */,
				6EABA1EF2DA71B0E00A76A6B /* isImageEmpty.swift in Sources */,
				6EABA1F02DA71B0E00A76A6B /* isURLReachable.swift in Sources */,
				6EABA1F12DA71B0E00A76A6B /* isValidEmail.swift in Sources */,
				6EABA1F22DA71B0E00A76A6B /* isValidPhoneNumber.swift in Sources */,
				6EABA1F32DA71B0E00A76A6B /* maskEmail.swift in Sources */,
				6EABA1F42DA71B0E00A76A6B /* maskPassword.swift in Sources */,
				6EABA1F52DA71B0E00A76A6B /* maskString.swift in Sources */,
				6EABA1F62DA71B0E00A76A6B /* maskUsername.swift in Sources */,
				6EABA1F72DA71B0E00A76A6B /* passwordStrengthCheck.swift in Sources */,
				6EABA1F82DA71B0E00A76A6B /* printUserSettings.swift in Sources */,
				6EABA1F92DA71B0E00A76A6B /* purgeGPSData.swift in Sources */,
				6EABA1FA2DA71B0E00A76A6B /* articlesLocation.swift in Sources */,
				6EABA1FB2DA71B0E00A76A6B /* Conversions.swift in Sources */,
				6EABA1FC2DA71B0E00A76A6B /* countGPSDataAll.swift in Sources */,
				6E2220B72DB1911200A93F62 /* BackgroundManagerV2.swift in Sources */,
				6E27FC062DB3154600C91FFF /* BluetoothManager.swift in Sources */,
				6EABA1FD2DA71B0E00A76A6B /* FormatDates.swift in Sources */,
				6EABA1FE2DA71B0E00A76A6B /* FormatPhoneNumbers.swift in Sources */,
				6EABA1FF2DA71B0E00A76A6B /* FormatSpeed.swift in Sources */,
				6E94F7192B7C73EA00AFA97F /* MasterView.swift in Sources */,
				6EB56CFA2B8531DF00C106F0 /* ZoomScrollView.swift in Sources */,
				6E54D23A2D91F1CD002C04B8 /* ModelSchemaV01_00_01.swift in Sources */,
				6E88DC242B846FE400BBB4DD /* WelcomeView.swift in Sources */,
				6E680D5F2D7BC8C5002F7F43 /* MoreView.swift in Sources */,
				6ECF92992D6E9BBA007B8F1F /* BluetoothView.swift in Sources */,
				6ECF92892D6E6A30007B8F1F /* SceneDelegateClass.swift in Sources */,
				6ECF92E12D6EAB73007B8F1F /* NotificationExtensions.swift in Sources */,
				6E69CC512DC1326200852E76 /* VersionManager.swift in Sources */,
				6E89635C2B7D8BEC003ABB4F /* HomeView.swift in Sources */,
				6E6D9B262B8403B2004325A1 /* AppSettings.swift in Sources */,
				6ECF92852D6E69A4007B8F1F /* AsyncProcessor.swift in Sources */,
				6ECF92DD2D6EA68B007B8F1F /* GitHubManager.swift in Sources */,
				6EB56D202B855BA800C106F0 /* ArticlesClassV1.swift in Sources */,
				6E2A22D32B89680C0030F23E /* IntroCompleteView.swift in Sources */,
				6ECF92AB2D6EA018007B8F1F /* TourFileLocationEnum.swift in Sources */,
				6E88DC1E2B846E3C00BBB4DD /* SystemInfoClass.swift in Sources */,
				6EB56D2B2B855EA400C106F0 /* AuthenticationClass.swift in Sources */,
				6E680D3A2D7BC89C002F7F43 /* ConeView.swift in Sources */,
				6E680D3B2D7BC89C002F7F43 /* TravelViewV3.swift in Sources */,
				6E94F71F2B7C759000AFA97F /* MainView.swift in Sources */,
				6E2A22CD2B89649A0030F23E /* IntroStartView.swift in Sources */,
				6EB56D252B855CD400C106F0 /* ArticleView.swift in Sources */,
				6E48E7E42BA0E8480052B3EB /* PermissionsView.swift in Sources */,
				6E88DC312B84761200BBB4DD /* ViewExtensions.swift in Sources */,
				6EB56CEF2B85303E00C106F0 /* UserProfileView.swift in Sources */,
				6E983A6E2B8426AC002F2251 /* HTMLStringView.swift in Sources */,
				6EB56D122B8558A800C106F0 /* UserSupportView.swift in Sources */,
				6EB56D0A2B8556E400C106F0 /* DeveloperSettingsView.swift in Sources */,
				6EB56D162B8559AA00C106F0 /* BiometricsClass.swift in Sources */,
				6E7274962B804A1700B5547C /* AppEnvironment.swift in Sources */,
				6EB56CF12B85306C00C106F0 /* AvatarPickerView.swift in Sources */,
				6E5928832BA1FFCF00CE0B8F /* AddressClass.swift in Sources */,
				6E3F449E2D77B2A20020229A /* MotionView.swift in Sources */,
				6E94F72C2B7C92F100AFA97F /* UserSettings.swift in Sources */,
				6E63150C2DC3BEC800F92589 /* ArticlesClassV2.swift in Sources */,
				6E2A22D12B8967260030F23E /* IntroPageEnum.swift in Sources */,
				6EB56D272B855CFD00C106F0 /* ArticlesSearchView.swift in Sources */,
				6E88DC182B846C5200BBB4DD /* SwiftUIWebView.swift in Sources */,
				6E19D6E22BA2501B00B2AE8C /* IntroAcceptTermsView.swift in Sources */,
				6ED500B32DC2924C001DA849 /* StartupSequenceView.swift in Sources */,
				6E94F6F52B7C563C00AFA97F /* GlobulonApp.swift in Sources */,
				6E2993B32BC1DF5900CA14AE /* AppAliases.swift in Sources */,
				6E94F7302B7C941200AFA97F /* LandingPageEnum.swift in Sources */,
			);
		};
/* End PBXSourcesBuildPhase section */

/* Begin XCBuildConfiguration section */
		6E94F6FF2B7C563D00AFA97F /* Debug configuration for PBXProject "Globulon" */ = {
			isa = XCBuildConfiguration;
			buildSettings = {
				ALWAYS_SEARCH_USER_PATHS = NO;
				ASSETCATALOG_COMPILER_GENERATE_SWIFT_ASSET_SYMBOL_EXTENSIONS = YES;
				CLANG_ANALYZER_NONNULL = YES;
				CLANG_ANALYZER_NUMBER_OBJECT_CONVERSION = YES_AGGRESSIVE;
				CLANG_CXX_LANGUAGE_STANDARD = "gnu++20";
				CLANG_ENABLE_MODULES = YES;
				CLANG_ENABLE_OBJC_ARC = YES;
				CLANG_ENABLE_OBJC_WEAK = YES;
				CLANG_WARN_BLOCK_CAPTURE_AUTORELEASING = YES;
				CLANG_WARN_BOOL_CONVERSION = YES;
				CLANG_WARN_COMMA = YES;
				CLANG_WARN_CONSTANT_CONVERSION = YES;
				CLANG_WARN_DEPRECATED_OBJC_IMPLEMENTATIONS = YES;
				CLANG_WARN_DIRECT_OBJC_ISA_USAGE = YES_ERROR;
				CLANG_WARN_DOCUMENTATION_COMMENTS = YES;
				CLANG_WARN_EMPTY_BODY = YES;
				CLANG_WARN_ENUM_CONVERSION = YES;
				CLANG_WARN_INFINITE_RECURSION = YES;
				CLANG_WARN_INT_CONVERSION = YES;
				CLANG_WARN_NON_LITERAL_NULL_CONVERSION = YES;
				CLANG_WARN_OBJC_IMPLICIT_RETAIN_SELF = YES;
				CLANG_WARN_OBJC_LITERAL_CONVERSION = YES;
				CLANG_WARN_OBJC_ROOT_CLASS = YES_ERROR;
				CLANG_WARN_QUOTED_INCLUDE_IN_FRAMEWORK_HEADER = YES;
				CLANG_WARN_RANGE_LOOP_ANALYSIS = YES;
				CLANG_WARN_STRICT_PROTOTYPES = YES;
				CLANG_WARN_SUSPICIOUS_MOVE = YES;
				CLANG_WARN_UNGUARDED_AVAILABILITY = YES_AGGRESSIVE;
				CLANG_WARN_UNREACHABLE_CODE = YES;
				CLANG_WARN__DUPLICATE_METHOD_MATCH = YES;
				COPY_PHASE_STRIP = NO;
				DEBUG_INFORMATION_FORMAT = dwarf;
				DEVELOPMENT_TEAM = ZDT4SG39G9;
				ENABLE_STRICT_OBJC_MSGSEND = YES;
				ENABLE_TESTABILITY = YES;
				ENABLE_USER_SCRIPT_SANDBOXING = YES;
				GCC_C_LANGUAGE_STANDARD = gnu17;
				GCC_DYNAMIC_NO_PIC = NO;
				GCC_NO_COMMON_BLOCKS = YES;
				GCC_OPTIMIZATION_LEVEL = 0;
				GCC_PREPROCESSOR_DEFINITIONS = (
					"DEBUG=1",
					"$(inherited)",
				);
				GCC_WARN_64_TO_32_BIT_CONVERSION = YES;
				GCC_WARN_ABOUT_RETURN_TYPE = YES_ERROR;
				GCC_WARN_UNDECLARED_SELECTOR = YES;
				GCC_WARN_UNINITIALIZED_AUTOS = YES_AGGRESSIVE;
				GCC_WARN_UNUSED_FUNCTION = YES;
				GCC_WARN_UNUSED_VARIABLE = YES;
				IPHONEOS_DEPLOYMENT_TARGET = 17.5;
				LOCALIZATION_PREFERS_STRING_CATALOGS = YES;
				MTL_ENABLE_DEBUG_INFO = INCLUDE_SOURCE;
				MTL_FAST_MATH = YES;
				ONLY_ACTIVE_ARCH = YES;
				SDKROOT = iphoneos;
				SWIFT_ACTIVE_COMPILATION_CONDITIONS = "DEBUG $(inherited)";
				SWIFT_OPTIMIZATION_LEVEL = "-Onone";
				SWIFT_VERSION = 6.0;
			};
			name = Debug;
		};
		6E94F7002B7C563D00AFA97F /* Release configuration for PBXProject "Globulon" */ = {
			isa = XCBuildConfiguration;
			buildSettings = {
				ALWAYS_SEARCH_USER_PATHS = NO;
				ASSETCATALOG_COMPILER_GENERATE_SWIFT_ASSET_SYMBOL_EXTENSIONS = YES;
				CLANG_ANALYZER_NONNULL = YES;
				CLANG_ANALYZER_NUMBER_OBJECT_CONVERSION = YES_AGGRESSIVE;
				CLANG_CXX_LANGUAGE_STANDARD = "gnu++20";
				CLANG_ENABLE_MODULES = YES;
				CLANG_ENABLE_OBJC_ARC = YES;
				CLANG_ENABLE_OBJC_WEAK = YES;
				CLANG_WARN_BLOCK_CAPTURE_AUTORELEASING = YES;
				CLANG_WARN_BOOL_CONVERSION = YES;
				CLANG_WARN_COMMA = YES;
				CLANG_WARN_CONSTANT_CONVERSION = YES;
				CLANG_WARN_DEPRECATED_OBJC_IMPLEMENTATIONS = YES;
				CLANG_WARN_DIRECT_OBJC_ISA_USAGE = YES_ERROR;
				CLANG_WARN_DOCUMENTATION_COMMENTS = YES;
				CLANG_WARN_EMPTY_BODY = YES;
				CLANG_WARN_ENUM_CONVERSION = YES;
				CLANG_WARN_INFINITE_RECURSION = YES;
				CLANG_WARN_INT_CONVERSION = YES;
				CLANG_WARN_NON_LITERAL_NULL_CONVERSION = YES;
				CLANG_WARN_OBJC_IMPLICIT_RETAIN_SELF = YES;
				CLANG_WARN_OBJC_LITERAL_CONVERSION = YES;
				CLANG_WARN_OBJC_ROOT_CLASS = YES_ERROR;
				CLANG_WARN_QUOTED_INCLUDE_IN_FRAMEWORK_HEADER = YES;
				CLANG_WARN_RANGE_LOOP_ANALYSIS = YES;
				CLANG_WARN_STRICT_PROTOTYPES = YES;
				CLANG_WARN_SUSPICIOUS_MOVE = YES;
				CLANG_WARN_UNGUARDED_AVAILABILITY = YES_AGGRESSIVE;
				CLANG_WARN_UNREACHABLE_CODE = YES;
				CLANG_WARN__DUPLICATE_METHOD_MATCH = YES;
				COPY_PHASE_STRIP = NO;
				DEBUG_INFORMATION_FORMAT = "dwarf-with-dsym";
				DEVELOPMENT_TEAM = ZDT4SG39G9;
				ENABLE_NS_ASSERTIONS = NO;
				ENABLE_STRICT_OBJC_MSGSEND = YES;
				ENABLE_USER_SCRIPT_SANDBOXING = YES;
				GCC_C_LANGUAGE_STANDARD = gnu17;
				GCC_NO_COMMON_BLOCKS = YES;
				GCC_WARN_64_TO_32_BIT_CONVERSION = YES;
				GCC_WARN_ABOUT_RETURN_TYPE = YES_ERROR;
				GCC_WARN_UNDECLARED_SELECTOR = YES;
				GCC_WARN_UNINITIALIZED_AUTOS = YES_AGGRESSIVE;
				GCC_WARN_UNUSED_FUNCTION = YES;
				GCC_WARN_UNUSED_VARIABLE = YES;
				IPHONEOS_DEPLOYMENT_TARGET = 17.5;
				LOCALIZATION_PREFERS_STRING_CATALOGS = YES;
				MTL_ENABLE_DEBUG_INFO = NO;
				MTL_FAST_MATH = YES;
				SDKROOT = iphoneos;
				SWIFT_COMPILATION_MODE = wholemodule;
				SWIFT_VERSION = 6.0;
				VALIDATE_PRODUCT = YES;
			};
			name = Release;
		};
		6E94F7022B7C563D00AFA97F /* Debug configuration for PBXNativeTarget "Globulon" */ = {
			isa = XCBuildConfiguration;
			buildSettings = {
				ASSETCATALOG_COMPILER_APPICON_NAME = AppIcon;
				ASSETCATALOG_COMPILER_GLOBAL_ACCENT_COLOR_NAME = AccentColor;
				CODE_SIGN_ENTITLEMENTS = Globulon/Globulon.entitlements;
				CODE_SIGN_STYLE = Automatic;
				CURRENT_PROJECT_VERSION = 83;
				DEVELOPMENT_ASSET_PATHS = "\"Globulon/Preview Content\"";
				ENABLE_PREVIEWS = YES;
				GENERATE_INFOPLIST_FILE = YES;
				INFOPLIST_FILE = Globulon/Info.plist;
				INFOPLIST_KEY_CFBundleDisplayName = Globulon;
				INFOPLIST_KEY_LSApplicationCategoryType = "public.app-category.travel";
				INFOPLIST_KEY_LSSupportsOpeningDocumentsInPlace = YES;
				INFOPLIST_KEY_NSBluetoothAlwaysUsageDescription = "This app requires access to Bluetooth devices";
				INFOPLIST_KEY_NSCameraUsageDescription = "Camera access is provided as an option and is only used for creation of your Avatar";
				INFOPLIST_KEY_NSFaceIDUsageDescription = "Use Face ID to unlock your device";
				INFOPLIST_KEY_NSLocationAlwaysAndWhenInUseUsageDescription = "This app when and always requires access to your device location";
				INFOPLIST_KEY_NSLocationAlwaysUsageDescription = "This app requires access to your device when in use";
				INFOPLIST_KEY_NSLocationWhenInUseUsageDescription = "This app requires access to your device when in use";
				INFOPLIST_KEY_NSMotionUsageDescription = "This app requires motion tracking to improve accuracy";
				INFOPLIST_KEY_UIApplicationSceneManifest_Generation = YES;
				INFOPLIST_KEY_UIApplicationSupportsIndirectInputEvents = YES;
				INFOPLIST_KEY_UILaunchStoryboardName = LaunchScreen.storyboard;
				INFOPLIST_KEY_UISupportedInterfaceOrientations_iPad = "UIInterfaceOrientationPortrait UIInterfaceOrientationPortraitUpsideDown UIInterfaceOrientationLandscapeLeft UIInterfaceOrientationLandscapeRight";
				INFOPLIST_KEY_UISupportedInterfaceOrientations_iPhone = "UIInterfaceOrientationPortrait UIInterfaceOrientationLandscapeLeft UIInterfaceOrientationLandscapeRight";
				INFOPLIST_KEY_UISupportsDocumentBrowser = YES;
				IPHONEOS_DEPLOYMENT_TARGET = 18.0;
				LD_RUNPATH_SEARCH_PATHS = (
					"$(inherited)",
					"@executable_path/Frameworks",
				);
				MARKETING_VERSION = 0.1.0;
				OTHER_SWIFT_FLAGS = "-DKEYCHAIN_DISABLED -DFIREBASE_ENABLED";
				PRODUCT_BUNDLE_IDENTIFIER = com.opexnetworks.globulon;
				PRODUCT_NAME = "$(TARGET_NAME)";
				SUPPORTED_PLATFORMS = "iphoneos iphonesimulator";
				SUPPORTS_MACCATALYST = NO;
				SUPPORTS_MAC_DESIGNED_FOR_IPHONE_IPAD = NO;
				SUPPORTS_XR_DESIGNED_FOR_IPHONE_IPAD = NO;
				SWIFT_EMIT_LOC_STRINGS = YES;
				SWIFT_STRICT_CONCURRENCY = complete;
				SWIFT_VERSION = 6.0;
				TARGETED_DEVICE_FAMILY = 1;
			};
			name = Debug;
		};
		6E94F7032B7C563D00AFA97F /* Release configuration for PBXNativeTarget "Globulon" */ = {
			isa = XCBuildConfiguration;
			buildSettings = {
				ASSETCATALOG_COMPILER_APPICON_NAME = AppIcon;
				ASSETCATALOG_COMPILER_GLOBAL_ACCENT_COLOR_NAME = AccentColor;
				CODE_SIGN_ENTITLEMENTS = Globulon/Globulon.entitlements;
				CODE_SIGN_STYLE = Automatic;
				CURRENT_PROJECT_VERSION = 83;
				DEVELOPMENT_ASSET_PATHS = "\"Globulon/Preview Content\"";
				ENABLE_PREVIEWS = YES;
				GENERATE_INFOPLIST_FILE = YES;
				INFOPLIST_FILE = Globulon/Info.plist;
				INFOPLIST_KEY_CFBundleDisplayName = Globulon;
				INFOPLIST_KEY_LSApplicationCategoryType = "public.app-category.travel";
				INFOPLIST_KEY_LSSupportsOpeningDocumentsInPlace = YES;
				INFOPLIST_KEY_NSBluetoothAlwaysUsageDescription = "This app requires access to Bluetooth devices";
				INFOPLIST_KEY_NSCameraUsageDescription = "Camera access is provided as an option and is only used for creation of your Avatar";
				INFOPLIST_KEY_NSFaceIDUsageDescription = "Use Face ID to unlock your device";
				INFOPLIST_KEY_NSLocationAlwaysAndWhenInUseUsageDescription = "This app when and always requires access to your device location";
				INFOPLIST_KEY_NSLocationAlwaysUsageDescription = "This app requires access to your device when in use";
				INFOPLIST_KEY_NSLocationWhenInUseUsageDescription = "This app requires access to your device when in use";
				INFOPLIST_KEY_NSMotionUsageDescription = "This app requires motion tracking to improve accuracy";
				INFOPLIST_KEY_UIApplicationSceneManifest_Generation = YES;
				INFOPLIST_KEY_UIApplicationSupportsIndirectInputEvents = YES;
				INFOPLIST_KEY_UILaunchStoryboardName = LaunchScreen.storyboard;
				INFOPLIST_KEY_UISupportedInterfaceOrientations_iPad = "UIInterfaceOrientationPortrait UIInterfaceOrientationPortraitUpsideDown UIInterfaceOrientationLandscapeLeft UIInterfaceOrientationLandscapeRight";
				INFOPLIST_KEY_UISupportedInterfaceOrientations_iPhone = "UIInterfaceOrientationPortrait UIInterfaceOrientationLandscapeLeft UIInterfaceOrientationLandscapeRight";
				INFOPLIST_KEY_UISupportsDocumentBrowser = YES;
				IPHONEOS_DEPLOYMENT_TARGET = 18.0;
				LD_RUNPATH_SEARCH_PATHS = (
					"$(inherited)",
					"@executable_path/Frameworks",
				);
				MARKETING_VERSION = 0.1.0;
				OTHER_SWIFT_FLAGS = "-DKEYCHAIN_DISABLED -DFIREBASE_ENABLED";
				PRODUCT_BUNDLE_IDENTIFIER = com.opexnetworks.globulon;
				PRODUCT_NAME = "$(TARGET_NAME)";
				SUPPORTED_PLATFORMS = "iphoneos iphonesimulator";
				SUPPORTS_MACCATALYST = NO;
				SUPPORTS_MAC_DESIGNED_FOR_IPHONE_IPAD = NO;
				SUPPORTS_XR_DESIGNED_FOR_IPHONE_IPAD = NO;
				SWIFT_EMIT_LOC_STRINGS = YES;
				SWIFT_STRICT_CONCURRENCY = complete;
				SWIFT_VERSION = 6.0;
				TARGETED_DEVICE_FAMILY = 1;
			};
			name = Release;
		};
/* End XCBuildConfiguration section */

/* Begin XCConfigurationList section */
		6E94F6EC2B7C563C00AFA97F /* Build configuration list for PBXProject "Globulon" */ = {
			isa = XCConfigurationList;
			buildConfigurations = (
				6E94F6FF2B7C563D00AFA97F /* Debug configuration for PBXProject "Globulon" */,
				6E94F7002B7C563D00AFA97F /* Release configuration for PBXProject "Globulon" */,
			);
			defaultConfigurationName = Release;
		};
		6E94F7012B7C563D00AFA97F /* Build configuration list for PBXNativeTarget "Globulon" */ = {
			isa = XCConfigurationList;
			buildConfigurations = (
				6E94F7022B7C563D00AFA97F /* Debug configuration for PBXNativeTarget "Globulon" */,
				6E94F7032B7C563D00AFA97F /* Release configuration for PBXNativeTarget "Globulon" */,
			);
			defaultConfigurationName = Release;
		};
/* End XCConfigurationList section */

/* Begin XCRemoteSwiftPackageReference section */
		6EB56D302B85637600C106F0 /* XCRemoteSwiftPackageReference "firebase-ios-sdk" */ = {
			isa = XCRemoteSwiftPackageReference;
			repositoryURL = "https://github.com/firebase/firebase-ios-sdk";
			requirement = {
				kind = upToNextMajorVersion;
				minimumVersion = 10.21.0;
			};
		};
/* End XCRemoteSwiftPackageReference section */

/* Begin XCSwiftPackageProductDependency section */
		6E9C448B2BAE8E9E002FABDB /* FirebaseAnalytics */ = {
			isa = XCSwiftPackageProductDependency;
			package = 6EB56D302B85637600C106F0 /* XCRemoteSwiftPackageReference "firebase-ios-sdk" */;
			productName = FirebaseAnalytics;
		};
		6E9C448D2BAE8E9E002FABDB /* FirebaseAnalyticsOnDeviceConversion */ = {
			isa = XCSwiftPackageProductDependency;
			package = 6EB56D302B85637600C106F0 /* XCRemoteSwiftPackageReference "firebase-ios-sdk" */;
			productName = FirebaseAnalyticsOnDeviceConversion;
		};
		6E9C448F2BAE8E9E002FABDB /* FirebaseAnalyticsSwift */ = {
			isa = XCSwiftPackageProductDependency;
			package = 6EB56D302B85637600C106F0 /* XCRemoteSwiftPackageReference "firebase-ios-sdk" */;
			productName = FirebaseAnalyticsSwift;
		};
		6E9C44912BAE8E9E002FABDB /* FirebaseAnalyticsWithoutAdIdSupport */ = {
			isa = XCSwiftPackageProductDependency;
			package = 6EB56D302B85637600C106F0 /* XCRemoteSwiftPackageReference "firebase-ios-sdk" */;
			productName = FirebaseAnalyticsWithoutAdIdSupport;
		};
		6E9C44932BAE8E9E002FABDB /* FirebaseAppCheck */ = {
			isa = XCSwiftPackageProductDependency;
			package = 6EB56D302B85637600C106F0 /* XCRemoteSwiftPackageReference "firebase-ios-sdk" */;
			productName = FirebaseAppCheck;
		};
		6E9C44952BAE8E9E002FABDB /* FirebaseAppDistribution-Beta */ = {
			isa = XCSwiftPackageProductDependency;
			package = 6EB56D302B85637600C106F0 /* XCRemoteSwiftPackageReference "firebase-ios-sdk" */;
			productName = "FirebaseAppDistribution-Beta";
		};
		6E9C44972BAE8E9E002FABDB /* FirebaseAuth */ = {
			isa = XCSwiftPackageProductDependency;
			package = 6EB56D302B85637600C106F0 /* XCRemoteSwiftPackageReference "firebase-ios-sdk" */;
			productName = FirebaseAuth;
		};
		6E9C44992BAE8E9E002FABDB /* FirebaseAuthCombine-Community */ = {
			isa = XCSwiftPackageProductDependency;
			package = 6EB56D302B85637600C106F0 /* XCRemoteSwiftPackageReference "firebase-ios-sdk" */;
			productName = "FirebaseAuthCombine-Community";
		};
		6E9C449B2BAE8E9E002FABDB /* FirebaseCrashlytics */ = {
			isa = XCSwiftPackageProductDependency;
			package = 6EB56D302B85637600C106F0 /* XCRemoteSwiftPackageReference "firebase-ios-sdk" */;
			productName = FirebaseCrashlytics;
		};
		6E9C449D2BAE8E9E002FABDB /* FirebaseDatabase */ = {
			isa = XCSwiftPackageProductDependency;
			package = 6EB56D302B85637600C106F0 /* XCRemoteSwiftPackageReference "firebase-ios-sdk" */;
			productName = FirebaseDatabase;
		};
		6E9C449F2BAE8E9E002FABDB /* FirebaseDatabaseSwift */ = {
			isa = XCSwiftPackageProductDependency;
			package = 6EB56D302B85637600C106F0 /* XCRemoteSwiftPackageReference "firebase-ios-sdk" */;
			productName = FirebaseDatabaseSwift;
		};
		6E9C44A12BAE8E9E002FABDB /* FirebaseDynamicLinks */ = {
			isa = XCSwiftPackageProductDependency;
			package = 6EB56D302B85637600C106F0 /* XCRemoteSwiftPackageReference "firebase-ios-sdk" */;
			productName = FirebaseDynamicLinks;
		};
		6E9C44A32BAE8E9E002FABDB /* FirebaseFirestore */ = {
			isa = XCSwiftPackageProductDependency;
			package = 6EB56D302B85637600C106F0 /* XCRemoteSwiftPackageReference "firebase-ios-sdk" */;
			productName = FirebaseFirestore;
		};
		6E9C44A52BAE8E9E002FABDB /* FirebaseFirestoreCombine-Community */ = {
			isa = XCSwiftPackageProductDependency;
			package = 6EB56D302B85637600C106F0 /* XCRemoteSwiftPackageReference "firebase-ios-sdk" */;
			productName = "FirebaseFirestoreCombine-Community";
		};
		6E9C44A72BAE8E9E002FABDB /* FirebaseFirestoreSwift */ = {
			isa = XCSwiftPackageProductDependency;
			package = 6EB56D302B85637600C106F0 /* XCRemoteSwiftPackageReference "firebase-ios-sdk" */;
			productName = FirebaseFirestoreSwift;
		};
		6E9C44A92BAE8E9E002FABDB /* FirebaseFunctions */ = {
			isa = XCSwiftPackageProductDependency;
			package = 6EB56D302B85637600C106F0 /* XCRemoteSwiftPackageReference "firebase-ios-sdk" */;
			productName = FirebaseFunctions;
		};
		6E9C44AB2BAE8E9E002FABDB /* FirebaseFunctionsCombine-Community */ = {
			isa = XCSwiftPackageProductDependency;
			package = 6EB56D302B85637600C106F0 /* XCRemoteSwiftPackageReference "firebase-ios-sdk" */;
			productName = "FirebaseFunctionsCombine-Community";
		};
		6E9C44AD2BAE8E9E002FABDB /* FirebaseInAppMessaging-Beta */ = {
			isa = XCSwiftPackageProductDependency;
			package = 6EB56D302B85637600C106F0 /* XCRemoteSwiftPackageReference "firebase-ios-sdk" */;
			productName = "FirebaseInAppMessaging-Beta";
		};
		6E9C44AF2BAE8E9E002FABDB /* FirebaseInAppMessagingSwift-Beta */ = {
			isa = XCSwiftPackageProductDependency;
			package = 6EB56D302B85637600C106F0 /* XCRemoteSwiftPackageReference "firebase-ios-sdk" */;
			productName = "FirebaseInAppMessagingSwift-Beta";
		};
		6E9C44B12BAE8E9E002FABDB /* FirebaseInstallations */ = {
			isa = XCSwiftPackageProductDependency;
			package = 6EB56D302B85637600C106F0 /* XCRemoteSwiftPackageReference "firebase-ios-sdk" */;
			productName = FirebaseInstallations;
		};
		6E9C44B32BAE8E9E002FABDB /* FirebaseMLModelDownloader */ = {
			isa = XCSwiftPackageProductDependency;
			package = 6EB56D302B85637600C106F0 /* XCRemoteSwiftPackageReference "firebase-ios-sdk" */;
			productName = FirebaseMLModelDownloader;
		};
		6E9C44B52BAE8E9E002FABDB /* FirebaseMessaging */ = {
			isa = XCSwiftPackageProductDependency;
			package = 6EB56D302B85637600C106F0 /* XCRemoteSwiftPackageReference "firebase-ios-sdk" */;
			productName = FirebaseMessaging;
		};
		6E9C44B72BAE8E9E002FABDB /* FirebasePerformance */ = {
			isa = XCSwiftPackageProductDependency;
			package = 6EB56D302B85637600C106F0 /* XCRemoteSwiftPackageReference "firebase-ios-sdk" */;
			productName = FirebasePerformance;
		};
		6E9C44B92BAE8E9E002FABDB /* FirebaseRemoteConfig */ = {
			isa = XCSwiftPackageProductDependency;
			package = 6EB56D302B85637600C106F0 /* XCRemoteSwiftPackageReference "firebase-ios-sdk" */;
			productName = FirebaseRemoteConfig;
		};
		6E9C44BB2BAE8E9E002FABDB /* FirebaseRemoteConfigSwift */ = {
			isa = XCSwiftPackageProductDependency;
			package = 6EB56D302B85637600C106F0 /* XCRemoteSwiftPackageReference "firebase-ios-sdk" */;
			productName = FirebaseRemoteConfigSwift;
		};
		6E9C44BD2BAE8E9E002FABDB /* FirebaseStorage */ = {
			isa = XCSwiftPackageProductDependency;
			package = 6EB56D302B85637600C106F0 /* XCRemoteSwiftPackageReference "firebase-ios-sdk" */;
			productName = FirebaseStorage;
		};
		6E9C44BF2BAE8E9E002FABDB /* FirebaseStorageCombine-Community */ = {
			isa = XCSwiftPackageProductDependency;
			package = 6EB56D302B85637600C106F0 /* XCRemoteSwiftPackageReference "firebase-ios-sdk" */;
			productName = "FirebaseStorageCombine-Community";
		};
/* End XCSwiftPackageProductDependency section */
	};
	rootObject = 6E94F6E92B7C563C00AFA97F /* Project object */;
}
